// !$*UTF8*$!
{
	archiveVersion = 1;
	classes = {
	};
	objectVersion = 44;
	objects = {

/* Begin PBXBuildFile section */
		0091D8F90E81B9330029341E /* OpenGL.framework in Frameworks */ = {isa = PBXBuildFile; fileRef = 0091D8F80E81B9330029341E /* OpenGL.framework */; };
		00B784B30FF439BC000DE1D7 /* Accelerate.framework in Frameworks */ = {isa = PBXBuildFile; fileRef = 00B784AF0FF439BC000DE1D7 /* Accelerate.framework */; };
		00B784B40FF439BC000DE1D7 /* AudioToolbox.framework in Frameworks */ = {isa = PBXBuildFile; fileRef = 00B784B00FF439BC000DE1D7 /* AudioToolbox.framework */; };
		00B784B50FF439BC000DE1D7 /* AudioUnit.framework in Frameworks */ = {isa = PBXBuildFile; fileRef = 00B784B10FF439BC000DE1D7 /* AudioUnit.framework */; };
		00B784B60FF439BC000DE1D7 /* CoreAudio.framework in Frameworks */ = {isa = PBXBuildFile; fileRef = 00B784B20FF439BC000DE1D7 /* CoreAudio.framework */; };
		5323E6B20EAFCA74003A9687 /* CoreVideo.framework in Frameworks */ = {isa = PBXBuildFile; fileRef = 5323E6B10EAFCA74003A9687 /* CoreVideo.framework */; };
		5323E6B60EAFCA7E003A9687 /* QTKit.framework in Frameworks */ = {isa = PBXBuildFile; fileRef = 5323E6B50EAFCA7E003A9687 /* QTKit.framework */; };
		8D11072F0486CEB800E47090 /* Cocoa.framework in Frameworks */ = {isa = PBXBuildFile; fileRef = 1058C7A1FEA54F0111CA2CBB /* Cocoa.framework */; };
		88839544800940529064F6D9 /* PretzelToggle.h in Headers */ = {isa = PBXBuildFile; fileRef = 613E7828AE964E45A4C0A595 /* PretzelToggle.h */; };
		5C1431F56D0E4AE680B871CE /* PretzelSlider.h in Headers */ = {isa = PBXBuildFile; fileRef = B037BDCCC440433A968D138A /* PretzelSlider.h */; };
		EEDE9EE6877C4A9687B1D0CF /* PretzelSaveLoad.h in Headers */ = {isa = PBXBuildFile; fileRef = 06D822ECE1534DA8AAF1E47B /* PretzelSaveLoad.h */; };
		149F37A5F7F54CE6964F7A8A /* PretzelRow.h in Headers */ = {isa = PBXBuildFile; fileRef = 37EE57D7184A403B9908A9F1 /* PretzelRow.h */; };
		B6286300E52A4B7C90B52A8E /* PretzelLabel.h in Headers */ = {isa = PBXBuildFile; fileRef = F0F8E2D42C194056867E7C0C /* PretzelLabel.h */; };
		F20B264EEF9343999DE5A8ED /* PretzelGui.h in Headers */ = {isa = PBXBuildFile; fileRef = 65437A8B36D34747862429B4 /* PretzelGui.h */; };
		86F5E76B261D43BA899892A7 /* PretzelGlobal.h in Headers */ = {isa = PBXBuildFile; fileRef = 08198EC4E121431999F325E1 /* PretzelGlobal.h */; };
		995B6C6F18C2442FBCF5BF3B /* PretzelButton.h in Headers */ = {isa = PBXBuildFile; fileRef = D87D9DA115584BE0B5DB1429 /* PretzelButton.h */; };
		CA50548BB0F541F28468CFDB /* BasePretzel.h in Headers */ = {isa = PBXBuildFile; fileRef = 11761A803011464AAC429B87 /* BasePretzel.h */; };
		F93B0F775DE74F0E839586F1 /* PretzelToggle.cpp in Sources */ = {isa = PBXBuildFile; fileRef = 239A2A187B3C4960A12EE8EE /* PretzelToggle.cpp */; };
		A2463C1814FC419492AC8049 /* PretzelSlider.cpp in Sources */ = {isa = PBXBuildFile; fileRef = 16541DC83C7D4806A4C12370 /* PretzelSlider.cpp */; };
		3FB4633E86ED41B998AB4CC6 /* PretzelSaveLoad.cpp in Sources */ = {isa = PBXBuildFile; fileRef = 1EEB31C6412E40FCB64606F5 /* PretzelSaveLoad.cpp */; };
		727B1AC67ED94307859650F3 /* PretzelRow.cpp in Sources */ = {isa = PBXBuildFile; fileRef = 49DCF3DAEB0E4B9F8441A310 /* PretzelRow.cpp */; };
		F89D505AC2EE402AA28C0706 /* PretzelLabel.cpp in Sources */ = {isa = PBXBuildFile; fileRef = 95DABB0C13C44AF5B954BCDF /* PretzelLabel.cpp */; };
		443EB0E5DA2846E89B9528B4 /* PretzelGui.cpp in Sources */ = {isa = PBXBuildFile; fileRef = 446D7DFB74D84A26ACEBB97B /* PretzelGui.cpp */; };
		6EF8ADD06E344F1F927BF812 /* PretzelGlobal.cpp in Sources */ = {isa = PBXBuildFile; fileRef = 67D3CADC2A7F4F2088680371 /* PretzelGlobal.cpp */; };
		CEB2130A37334835935EC3AC /* PretzelButton.cpp in Sources */ = {isa = PBXBuildFile; fileRef = C83BDE372EFB459584FA784B /* PretzelButton.cpp */; };
		3D08CB7547CD4920B0BA3830 /* BasePretzel.cpp in Sources */ = {isa = PBXBuildFile; fileRef = 0151E3778D464ED1B76653CE /* BasePretzel.cpp */; };
		2D37F2B0D7AB4E7892C06D5D /* BasicSample_Prefix.pch in Headers */ = {isa = PBXBuildFile; fileRef = 3A29409FEC104469B021DFE5 /* BasicSample_Prefix.pch */; };
		C95EDF66D912432D9CAFF58E /* CinderApp.icns in Resources */ = {isa = PBXBuildFile; fileRef = 04727A2D7EAD40ADAF98019E /* CinderApp.icns */; };
		B7000657D175475C96F668DB /* Resources.h in Headers */ = {isa = PBXBuildFile; fileRef = B86C5099831E481B8C536AFE /* Resources.h */; };
		9208978880E743AD9A9FC574 /* BasicSampleApp.cpp in Sources */ = {isa = PBXBuildFile; fileRef = E7F8250FAC104E1C9F5ECDBD /* BasicSampleApp.cpp */; };
/* End PBXBuildFile section */

/* Begin PBXFileReference section */
		0091D8F80E81B9330029341E /* OpenGL.framework */ = {isa = PBXFileReference; lastKnownFileType = wrapper.framework; name = OpenGL.framework; path = /System/Library/Frameworks/OpenGL.framework; sourceTree = "<absolute>"; };
		00B784AF0FF439BC000DE1D7 /* Accelerate.framework */ = {isa = PBXFileReference; lastKnownFileType = wrapper.framework; name = Accelerate.framework; path = System/Library/Frameworks/Accelerate.framework; sourceTree = SDKROOT; };
		00B784B00FF439BC000DE1D7 /* AudioToolbox.framework */ = {isa = PBXFileReference; lastKnownFileType = wrapper.framework; name = AudioToolbox.framework; path = System/Library/Frameworks/AudioToolbox.framework; sourceTree = SDKROOT; };
		00B784B10FF439BC000DE1D7 /* AudioUnit.framework */ = {isa = PBXFileReference; lastKnownFileType = wrapper.framework; name = AudioUnit.framework; path = System/Library/Frameworks/AudioUnit.framework; sourceTree = SDKROOT; };
		00B784B20FF439BC000DE1D7 /* CoreAudio.framework */ = {isa = PBXFileReference; lastKnownFileType = wrapper.framework; name = CoreAudio.framework; path = System/Library/Frameworks/CoreAudio.framework; sourceTree = SDKROOT; };
		1058C7A1FEA54F0111CA2CBB /* Cocoa.framework */ = {isa = PBXFileReference; lastKnownFileType = wrapper.framework; name = Cocoa.framework; path = /System/Library/Frameworks/Cocoa.framework; sourceTree = "<absolute>"; };
		29B97324FDCFA39411CA2CEA /* AppKit.framework */ = {isa = PBXFileReference; lastKnownFileType = wrapper.framework; name = AppKit.framework; path = /System/Library/Frameworks/AppKit.framework; sourceTree = "<absolute>"; };
		29B97325FDCFA39411CA2CEA /* Foundation.framework */ = {isa = PBXFileReference; lastKnownFileType = wrapper.framework; name = Foundation.framework; path = /System/Library/Frameworks/Foundation.framework; sourceTree = "<absolute>"; };
		5323E6B10EAFCA74003A9687 /* CoreVideo.framework */ = {isa = PBXFileReference; lastKnownFileType = wrapper.framework; name = CoreVideo.framework; path = /System/Library/Frameworks/CoreVideo.framework; sourceTree = "<absolute>"; };
		5323E6B50EAFCA7E003A9687 /* QTKit.framework */ = {isa = PBXFileReference; lastKnownFileType = wrapper.framework; name = QTKit.framework; path = /System/Library/Frameworks/QTKit.framework; sourceTree = "<absolute>"; };
		8D1107320486CEB800E47090 /* BasicSample.app */ = {isa = PBXFileReference; explicitFileType = wrapper.application; includeInIndex = 0; path = BasicSample.app; sourceTree = BUILT_PRODUCTS_DIR; };
		E7F8250FAC104E1C9F5ECDBD /* BasicSampleApp.cpp */ = {isa = PBXFileReference; lastKnownFileType = sourcecode.c.cpp; path = ../src/BasicSampleApp.cpp; sourceTree = "<group>"; name = BasicSampleApp.cpp; };
		B86C5099831E481B8C536AFE /* Resources.h */ = {isa = PBXFileReference; lastKnownFileType = sourcecode.c.h; path = ../include/Resources.h; sourceTree = "<group>"; name = Resources.h; };
		04727A2D7EAD40ADAF98019E /* CinderApp.icns */ = {isa = PBXFileReference; lastKnownFileType = image.icns; path = ../resources/CinderApp.icns; sourceTree = "<group>"; name = CinderApp.icns; };
		76C53B099A6B4E9BB60FB7CC /* Info.plist */ = {isa = PBXFileReference; lastKnownFileType = text.plist.xml; path = Info.plist; sourceTree = "<group>"; name = Info.plist; };
		3A29409FEC104469B021DFE5 /* BasicSample_Prefix.pch */ = {isa = PBXFileReference; lastKnownFileType = "\"\""; path = BasicSample_Prefix.pch; sourceTree = "<group>"; name = BasicSample_Prefix.pch; };
		0151E3778D464ED1B76653CE /* BasePretzel.cpp */ = {isa = PBXFileReference; lastKnownFileType = sourcecode.c.cpp; path = ../blocks/PretzelGUI/src/BasePretzel.cpp; sourceTree = "<group>"; name = BasePretzel.cpp; };
		C83BDE372EFB459584FA784B /* PretzelButton.cpp */ = {isa = PBXFileReference; lastKnownFileType = sourcecode.c.cpp; path = ../blocks/PretzelGUI/src/PretzelButton.cpp; sourceTree = "<group>"; name = PretzelButton.cpp; };
		67D3CADC2A7F4F2088680371 /* PretzelGlobal.cpp */ = {isa = PBXFileReference; lastKnownFileType = sourcecode.c.cpp; path = ../blocks/PretzelGUI/src/PretzelGlobal.cpp; sourceTree = "<group>"; name = PretzelGlobal.cpp; };
		446D7DFB74D84A26ACEBB97B /* PretzelGui.cpp */ = {isa = PBXFileReference; lastKnownFileType = sourcecode.c.cpp; path = ../blocks/PretzelGUI/src/PretzelGui.cpp; sourceTree = "<group>"; name = PretzelGui.cpp; };
		95DABB0C13C44AF5B954BCDF /* PretzelLabel.cpp */ = {isa = PBXFileReference; lastKnownFileType = sourcecode.c.cpp; path = ../blocks/PretzelGUI/src/PretzelLabel.cpp; sourceTree = "<group>"; name = PretzelLabel.cpp; };
		49DCF3DAEB0E4B9F8441A310 /* PretzelRow.cpp */ = {isa = PBXFileReference; lastKnownFileType = sourcecode.c.cpp; path = ../blocks/PretzelGUI/src/PretzelRow.cpp; sourceTree = "<group>"; name = PretzelRow.cpp; };
		1EEB31C6412E40FCB64606F5 /* PretzelSaveLoad.cpp */ = {isa = PBXFileReference; lastKnownFileType = sourcecode.c.cpp; path = ../blocks/PretzelGUI/src/PretzelSaveLoad.cpp; sourceTree = "<group>"; name = PretzelSaveLoad.cpp; };
		16541DC83C7D4806A4C12370 /* PretzelSlider.cpp */ = {isa = PBXFileReference; lastKnownFileType = sourcecode.c.cpp; path = ../blocks/PretzelGUI/src/PretzelSlider.cpp; sourceTree = "<group>"; name = PretzelSlider.cpp; };
		239A2A187B3C4960A12EE8EE /* PretzelToggle.cpp */ = {isa = PBXFileReference; lastKnownFileType = sourcecode.c.cpp; path = ../blocks/PretzelGUI/src/PretzelToggle.cpp; sourceTree = "<group>"; name = PretzelToggle.cpp; };
		11761A803011464AAC429B87 /* BasePretzel.h */ = {isa = PBXFileReference; lastKnownFileType = sourcecode.c.h; path = ../blocks/PretzelGUI/src/BasePretzel.h; sourceTree = "<group>"; name = BasePretzel.h; };
		D87D9DA115584BE0B5DB1429 /* PretzelButton.h */ = {isa = PBXFileReference; lastKnownFileType = sourcecode.c.h; path = ../blocks/PretzelGUI/src/PretzelButton.h; sourceTree = "<group>"; name = PretzelButton.h; };
		08198EC4E121431999F325E1 /* PretzelGlobal.h */ = {isa = PBXFileReference; lastKnownFileType = sourcecode.c.h; path = ../blocks/PretzelGUI/src/PretzelGlobal.h; sourceTree = "<group>"; name = PretzelGlobal.h; };
		65437A8B36D34747862429B4 /* PretzelGui.h */ = {isa = PBXFileReference; lastKnownFileType = sourcecode.c.h; path = ../blocks/PretzelGUI/src/PretzelGui.h; sourceTree = "<group>"; name = PretzelGui.h; };
		F0F8E2D42C194056867E7C0C /* PretzelLabel.h */ = {isa = PBXFileReference; lastKnownFileType = sourcecode.c.h; path = ../blocks/PretzelGUI/src/PretzelLabel.h; sourceTree = "<group>"; name = PretzelLabel.h; };
		37EE57D7184A403B9908A9F1 /* PretzelRow.h */ = {isa = PBXFileReference; lastKnownFileType = sourcecode.c.h; path = ../blocks/PretzelGUI/src/PretzelRow.h; sourceTree = "<group>"; name = PretzelRow.h; };
		06D822ECE1534DA8AAF1E47B /* PretzelSaveLoad.h */ = {isa = PBXFileReference; lastKnownFileType = sourcecode.c.h; path = ../blocks/PretzelGUI/src/PretzelSaveLoad.h; sourceTree = "<group>"; name = PretzelSaveLoad.h; };
		B037BDCCC440433A968D138A /* PretzelSlider.h */ = {isa = PBXFileReference; lastKnownFileType = sourcecode.c.h; path = ../blocks/PretzelGUI/src/PretzelSlider.h; sourceTree = "<group>"; name = PretzelSlider.h; };
		613E7828AE964E45A4C0A595 /* PretzelToggle.h */ = {isa = PBXFileReference; lastKnownFileType = sourcecode.c.h; path = ../blocks/PretzelGUI/src/PretzelToggle.h; sourceTree = "<group>"; name = PretzelToggle.h; };
/* End PBXFileReference section */

/* Begin PBXFrameworksBuildPhase section */
		8D11072E0486CEB800E47090 /* Frameworks */ = {
			isa = PBXFrameworksBuildPhase;
			buildActionMask = 2147483647;
			files = (
				8D11072F0486CEB800E47090 /* Cocoa.framework in Frameworks */,
				0091D8F90E81B9330029341E /* OpenGL.framework in Frameworks */,
				5323E6B20EAFCA74003A9687 /* CoreVideo.framework in Frameworks */,
				5323E6B60EAFCA7E003A9687 /* QTKit.framework in Frameworks */,
				00B784B30FF439BC000DE1D7 /* Accelerate.framework in Frameworks */,
				00B784B40FF439BC000DE1D7 /* AudioToolbox.framework in Frameworks */,
				00B784B50FF439BC000DE1D7 /* AudioUnit.framework in Frameworks */,
				00B784B60FF439BC000DE1D7 /* CoreAudio.framework in Frameworks */,
			);
			runOnlyForDeploymentPostprocessing = 0;
		};
/* End PBXFrameworksBuildPhase section */

/* Begin PBXGroup section */
		080E96DDFE201D6D7F000001 /* Source */ = {
			isa = PBXGroup;
			children = (
				E7F8250FAC104E1C9F5ECDBD /* BasicSampleApp.cpp */,
			);
			name = Source;
			sourceTree = "<group>";
		};
		1058C7A0FEA54F0111CA2CBB /* Linked Frameworks */ = {
			isa = PBXGroup;
			children = (
				00B784AF0FF439BC000DE1D7 /* Accelerate.framework */,
				00B784B00FF439BC000DE1D7 /* AudioToolbox.framework */,
				00B784B10FF439BC000DE1D7 /* AudioUnit.framework */,
				00B784B20FF439BC000DE1D7 /* CoreAudio.framework */,
				5323E6B50EAFCA7E003A9687 /* QTKit.framework */,
				5323E6B10EAFCA74003A9687 /* CoreVideo.framework */,
				0091D8F80E81B9330029341E /* OpenGL.framework */,
				1058C7A1FEA54F0111CA2CBB /* Cocoa.framework */,
			);
			name = "Linked Frameworks";
			sourceTree = "<group>";
		};
		1058C7A2FEA54F0111CA2CBB /* Other Frameworks */ = {
			isa = PBXGroup;
			children = (
				29B97324FDCFA39411CA2CEA /* AppKit.framework */,
				29B97325FDCFA39411CA2CEA /* Foundation.framework */,
			);
			name = "Other Frameworks";
			sourceTree = "<group>";
		};
		19C28FACFE9D520D11CA2CBB /* Products */ = {
			isa = PBXGroup;
			children = (
				8D1107320486CEB800E47090 /* BasicSample.app */,
			);
			name = Products;
			sourceTree = "<group>";
		};
		29B97314FDCFA39411CA2CEA /* BasicSample */ = {
			isa = PBXGroup;
			children = (
				01B97315FEAEA392516A2CEA /* Blocks */,
				29B97315FDCFA39411CA2CEA /* Headers */,
				080E96DDFE201D6D7F000001 /* Source */,
				29B97317FDCFA39411CA2CEA /* Resources */,
				29B97323FDCFA39411CA2CEA /* Frameworks */,
				19C28FACFE9D520D11CA2CBB /* Products */,
			);
			name = BasicSample;
			sourceTree = "<group>";
		};
		050C575896BE48788274F710 /* src */ = {
			isa = PBXGroup;
			children = (
				0151E3778D464ED1B76653CE /* BasePretzel.cpp */,
				C83BDE372EFB459584FA784B /* PretzelButton.cpp */,
				67D3CADC2A7F4F2088680371 /* PretzelGlobal.cpp */,
				446D7DFB74D84A26ACEBB97B /* PretzelGui.cpp */,
				95DABB0C13C44AF5B954BCDF /* PretzelLabel.cpp */,
				49DCF3DAEB0E4B9F8441A310 /* PretzelRow.cpp */,
				1EEB31C6412E40FCB64606F5 /* PretzelSaveLoad.cpp */,
				16541DC83C7D4806A4C12370 /* PretzelSlider.cpp */,
				239A2A187B3C4960A12EE8EE /* PretzelToggle.cpp */,
				11761A803011464AAC429B87 /* BasePretzel.h */,
				D87D9DA115584BE0B5DB1429 /* PretzelButton.h */,
				08198EC4E121431999F325E1 /* PretzelGlobal.h */,
				65437A8B36D34747862429B4 /* PretzelGui.h */,
				F0F8E2D42C194056867E7C0C /* PretzelLabel.h */,
				37EE57D7184A403B9908A9F1 /* PretzelRow.h */,
				06D822ECE1534DA8AAF1E47B /* PretzelSaveLoad.h */,
				B037BDCCC440433A968D138A /* PretzelSlider.h */,
				613E7828AE964E45A4C0A595 /* PretzelToggle.h */,
			);
			name = src;
			sourceTree = "<group>";
		};
		B6B36AFAD1A4462A99A640E1 /* PretzelGUI */ = {
			isa = PBXGroup;
			children = (
				050C575896BE48788274F710 /* src */,
			);
			name = PretzelGUI;
			sourceTree = "<group>";
		};
		01B97315FEAEA392516A2CEA /* Blocks */ = {
			isa = PBXGroup;
			children = (
				B6B36AFAD1A4462A99A640E1 /* PretzelGUI */,
			);
			name = Blocks;
			sourceTree = "<group>";
		};
		29B97315FDCFA39411CA2CEA /* Headers */ = {
			isa = PBXGroup;
			children = (
				B86C5099831E481B8C536AFE /* Resources.h */,
				3A29409FEC104469B021DFE5 /* BasicSample_Prefix.pch */,
			);
			name = Headers;
			sourceTree = "<group>";
		};
		29B97317FDCFA39411CA2CEA /* Resources */ = {
			isa = PBXGroup;
			children = (
				04727A2D7EAD40ADAF98019E /* CinderApp.icns */,
				76C53B099A6B4E9BB60FB7CC /* Info.plist */,
			);
			name = Resources;
			sourceTree = "<group>";
		};
		29B97323FDCFA39411CA2CEA /* Frameworks */ = {
			isa = PBXGroup;
			children = (
				1058C7A0FEA54F0111CA2CBB /* Linked Frameworks */,
				1058C7A2FEA54F0111CA2CBB /* Other Frameworks */,
			);
			name = Frameworks;
			sourceTree = "<group>";
		};
/* End PBXGroup section */

/* Begin PBXNativeTarget section */
		8D1107260486CEB800E47090 /* BasicSample */ = {
			isa = PBXNativeTarget;
			buildConfigurationList = C01FCF4A08A954540054247B /* Build configuration list for PBXNativeTarget "BasicSample" */;
			buildPhases = (
				8D1107290486CEB800E47090 /* Resources */,
				8D11072C0486CEB800E47090 /* Sources */,
				8D11072E0486CEB800E47090 /* Frameworks */,
			);
			buildRules = (
			);
			dependencies = (
			);
			name = BasicSample;
			productInstallPath = "$(HOME)/Applications";
			productName = BasicSample;
			productReference = 8D1107320486CEB800E47090 /* BasicSample.app */;
			productType = "com.apple.product-type.application";
		};
/* End PBXNativeTarget section */

/* Begin PBXProject section */
		29B97313FDCFA39411CA2CEA /* Project object */ = {
			isa = PBXProject;
			buildConfigurationList = C01FCF4E08A954540054247B /* Build configuration list for PBXProject "BasicSample" */;
			compatibilityVersion = "Xcode 3.2";
			developmentRegion = English;
			hasScannedForEncodings = 1;
			knownRegions = (
				English,
				Japanese,
				French,
				German,
			);
			mainGroup = 29B97314FDCFA39411CA2CEA /* BasicSample */;
			projectDirPath = "";
			projectRoot = "";
			targets = (
				8D1107260486CEB800E47090 /* BasicSample */,
			);
		};
/* End PBXProject section */

/* Begin PBXResourcesBuildPhase section */
		8D1107290486CEB800E47090 /* Resources */ = {
			isa = PBXResourcesBuildPhase;
			buildActionMask = 2147483647;
			files = (
				C95EDF66D912432D9CAFF58E /* CinderApp.icns in Resources */,
			);
			runOnlyForDeploymentPostprocessing = 0;
		};
/* End PBXResourcesBuildPhase section */

/* Begin PBXSourcesBuildPhase section */
		8D11072C0486CEB800E47090 /* Sources */ = {
			isa = PBXSourcesBuildPhase;
			buildActionMask = 2147483647;
			files = (
				9208978880E743AD9A9FC574 /* BasicSampleApp.cpp in Sources */,
				3D08CB7547CD4920B0BA3830 /* BasePretzel.cpp in Sources */,
				CEB2130A37334835935EC3AC /* PretzelButton.cpp in Sources */,
				6EF8ADD06E344F1F927BF812 /* PretzelGlobal.cpp in Sources */,
				443EB0E5DA2846E89B9528B4 /* PretzelGui.cpp in Sources */,
				F89D505AC2EE402AA28C0706 /* PretzelLabel.cpp in Sources */,
				727B1AC67ED94307859650F3 /* PretzelRow.cpp in Sources */,
				3FB4633E86ED41B998AB4CC6 /* PretzelSaveLoad.cpp in Sources */,
				A2463C1814FC419492AC8049 /* PretzelSlider.cpp in Sources */,
				F93B0F775DE74F0E839586F1 /* PretzelToggle.cpp in Sources */,
			);
			runOnlyForDeploymentPostprocessing = 0;
		};
/* End PBXSourcesBuildPhase section */

/* Begin XCBuildConfiguration section */
		C01FCF4B08A954540054247B /* Debug */ = {
			isa = XCBuildConfiguration;
			buildSettings = {
				COMBINE_HIDPI_IMAGES = YES;
				DEAD_CODE_STRIPPING = YES;
				COPY_PHASE_STRIP = NO;
				GCC_DYNAMIC_NO_PIC = NO;
				GCC_INLINES_ARE_PRIVATE_EXTERN = YES;
				GCC_OPTIMIZATION_LEVEL = 0;
				GCC_PREPROCESSOR_DEFINITIONS = (
					"DEBUG=1",
					"$(inherited)",
				);
				GCC_PRECOMPILE_PREFIX_HEADER = YES;
				GCC_PREFIX_HEADER = BasicSample_Prefix.pch;
				GCC_SYMBOLS_PRIVATE_EXTERN = NO;
				INFOPLIST_FILE = Info.plist;
				INSTALL_PATH = "$(HOME)/Applications";
				OTHER_LDFLAGS = "\"$(CINDER_PATH)/lib/libcinder_d.a\"";
				PRODUCT_NAME = BasicSample;
				WRAPPER_EXTENSION = app;
				SYMROOT = ./build;
			};
			name = Debug;
		};
		C01FCF4C08A954540054247B /* Release */ = {
			isa = XCBuildConfiguration;
			buildSettings = {
				COMBINE_HIDPI_IMAGES = YES;
				DEAD_CODE_STRIPPING = YES;
				DEBUG_INFORMATION_FORMAT = "dwarf-with-dsym";
				GCC_FAST_MATH = YES;
				GCC_GENERATE_DEBUGGING_SYMBOLS = NO;
				GCC_INLINES_ARE_PRIVATE_EXTERN = YES;
				GCC_OPTIMIZATION_LEVEL = 3;
				GCC_PRECOMPILE_PREFIX_HEADER = YES;
				GCC_PREFIX_HEADER = BasicSample_Prefix.pch;
				GCC_SYMBOLS_PRIVATE_EXTERN = NO;
				INFOPLIST_FILE = Info.plist;
				INSTALL_PATH = "$(HOME)/Applications";
				OTHER_LDFLAGS = "\"$(CINDER_PATH)/lib/libcinder.a\"";
				PRODUCT_NAME = BasicSample;
				STRIP_INSTALLED_PRODUCT = YES;
				WRAPPER_EXTENSION = app;
				SYMROOT = ./build;
			};
			name = Release;
		};
		C01FCF4F08A954540054247B /* Debug */ = {
			isa = XCBuildConfiguration;
			buildSettings = {
				CLANG_CXX_LANGUAGE_STANDARD = "c++0x";
				CLANG_CXX_LIBRARY = "libc++";
				ALWAYS_SEARCH_USER_PATHS = NO;
				ARCHS = i386;
				CINDER_PATH = "../../../../..";
				GCC_WARN_ABOUT_RETURN_TYPE = YES;
				GCC_WARN_UNUSED_VARIABLE = YES;
				HEADER_SEARCH_PATHS = "\"$(CINDER_PATH)/boost\"";
				MACOSX_DEPLOYMENT_TARGET = 10.7;
				SDKROOT = macosx;
				USER_HEADER_SEARCH_PATHS = (
					"\"$(CINDER_PATH)/include\" ../include",
					../blocks/PretzelGUI/src,
				);
			};
			name = Debug;
		};
		C01FCF5008A954540054247B /* Release */ = {
			isa = XCBuildConfiguration;
			buildSettings = {
				CLANG_CXX_LANGUAGE_STANDARD = "c++0x";
				CLANG_CXX_LIBRARY = "libc++";
				ALWAYS_SEARCH_USER_PATHS = NO;
				ARCHS = i386;
				CINDER_PATH = "../../../../..";
				GCC_WARN_ABOUT_RETURN_TYPE = YES;
				GCC_WARN_UNUSED_VARIABLE = YES;
				HEADER_SEARCH_PATHS = "\"$(CINDER_PATH)/boost\"";
				MACOSX_DEPLOYMENT_TARGET = 10.7;
				SDKROOT = macosx;
				USER_HEADER_SEARCH_PATHS = (
					"\"$(CINDER_PATH)/include\" ../include",
					../blocks/PretzelGUI/src,
				);
			};
			name = Release;
		};
/* End XCBuildConfiguration section */

/* Begin XCConfigurationList section */
		C01FCF4A08A954540054247B /* Build configuration list for PBXNativeTarget "BasicSample" */ = {
			isa = XCConfigurationList;
			buildConfigurations = (
				C01FCF4B08A954540054247B /* Debug */,
				C01FCF4C08A954540054247B /* Release */,
			);
			defaultConfigurationIsVisible = 0;
			defaultConfigurationName = Release;
		};
		C01FCF4E08A954540054247B /* Build configuration list for PBXProject "BasicSample" */ = {
			isa = XCConfigurationList;
			buildConfigurations = (
				C01FCF4F08A954540054247B /* Debug */,
				C01FCF5008A954540054247B /* Release */,
			);
			defaultConfigurationIsVisible = 0;
			defaultConfigurationName = Release;
		};
/* End XCConfigurationList section */
	};
	rootObject = 29B97313FDCFA39411CA2CEA /* Project object */;
}
