// !$*UTF8*$!
{
	archiveVersion = 1;
	classes = {
	};
	objectVersion = 46;
	objects = {

/* Begin PBXBuildFile section */
		0091D8F90E81B9330029341E /* OpenGL.framework in Frameworks */ = {isa = PBXBuildFile; fileRef = 0091D8F80E81B9330029341E /* OpenGL.framework */; };
		00B784B30FF439BC000DE1D7 /* Accelerate.framework in Frameworks */ = {isa = PBXBuildFile; fileRef = 00B784AF0FF439BC000DE1D7 /* Accelerate.framework */; };
		00B784B40FF439BC000DE1D7 /* AudioToolbox.framework in Frameworks */ = {isa = PBXBuildFile; fileRef = 00B784B00FF439BC000DE1D7 /* AudioToolbox.framework */; };
		00B784B50FF439BC000DE1D7 /* AudioUnit.framework in Frameworks */ = {isa = PBXBuildFile; fileRef = 00B784B10FF439BC000DE1D7 /* AudioUnit.framework */; };
		00B784B60FF439BC000DE1D7 /* CoreAudio.framework in Frameworks */ = {isa = PBXBuildFile; fileRef = 00B784B20FF439BC000DE1D7 /* CoreAudio.framework */; };
		04A2D773F0D140DF917C4186 /* CinderApp.icns in Resources */ = {isa = PBXBuildFile; fileRef = F3FBD49CC73F492992EC615A /* CinderApp.icns */; };
		154593B394494CBB946B2940 /* PretzelSaveLoad.cpp in Sources */ = {isa = PBXBuildFile; fileRef = 110D157D3F9746F185C2A745 /* PretzelSaveLoad.cpp */; };
		23C1307426AB47C9ABC43CFF /* PretzelToggle.cpp in Sources */ = {isa = PBXBuildFile; fileRef = FE916D923EA044FB89976B28 /* PretzelToggle.cpp */; };
		32E4E1F026074705AC2D35CF /* PretzelGui.cpp in Sources */ = {isa = PBXBuildFile; fileRef = 57E1607480C0484E974EE43A /* PretzelGui.cpp */; };
		393E08320FDF4C52B71F3502 /* BasicSampleApp.cpp in Sources */ = {isa = PBXBuildFile; fileRef = 5ACFE403C7CB4EB38B999D66 /* BasicSampleApp.cpp */; };
		4781983271FA4380B5B1A1FA /* BasePretzel.cpp in Sources */ = {isa = PBXBuildFile; fileRef = 5E421F38EB8540BBBDDB44A9 /* BasePretzel.cpp */; };
		5323E6B20EAFCA74003A9687 /* CoreVideo.framework in Frameworks */ = {isa = PBXBuildFile; fileRef = 5323E6B10EAFCA74003A9687 /* CoreVideo.framework */; };
		5323E6B60EAFCA7E003A9687 /* QTKit.framework in Frameworks */ = {isa = PBXBuildFile; fileRef = 5323E6B50EAFCA7E003A9687 /* QTKit.framework */; };
		5827D66B50B44F749411B33A /* PretzelTextField.cpp in Sources */ = {isa = PBXBuildFile; fileRef = 008CE4F99AB5412988369B39 /* PretzelTextField.cpp */; };
		8D11072F0486CEB800E47090 /* Cocoa.framework in Frameworks */ = {isa = PBXBuildFile; fileRef = 1058C7A1FEA54F0111CA2CBB /* Cocoa.framework */; };
		8E41E02BB0714BB79BA75640 /* PretzelSlider.cpp in Sources */ = {isa = PBXBuildFile; fileRef = 1F050022CEB64E5B9ABD1436 /* PretzelSlider.cpp */; };
		A59EE5EF1EDE4A7388442367 /* PretzelGlobal.cpp in Sources */ = {isa = PBXBuildFile; fileRef = 0C7F401EA2154907AE354EA4 /* PretzelGlobal.cpp */; };
		BDF116A54DE74EA29D411A57 /* PretzelRow.cpp in Sources */ = {isa = PBXBuildFile; fileRef = 50E912337773400D869950DA /* PretzelRow.cpp */; };
		CB83A0B86CA04D36B472FE40 /* PretzelButton.cpp in Sources */ = {isa = PBXBuildFile; fileRef = 688F2C6CDBE54BD1838688B3 /* PretzelButton.cpp */; };
		CBD570211959D8DB00B8A12D /* ScrollPane.cpp in Sources */ = {isa = PBXBuildFile; fileRef = CBD5701F1959D8DB00B8A12D /* ScrollPane.cpp */; };
		E7153E700465435A844562CA /* PretzelLabel.cpp in Sources */ = {isa = PBXBuildFile; fileRef = 8FA5960C73944718BE655A26 /* PretzelLabel.cpp */; };
/* End PBXBuildFile section */

/* Begin PBXFileReference section */
		008CE4F99AB5412988369B39 /* PretzelTextField.cpp */ = {isa = PBXFileReference; lastKnownFileType = sourcecode.c.cpp; name = PretzelTextField.cpp; path = ../../../src/modules/PretzelTextField.cpp; sourceTree = "<group>"; };
		0091D8F80E81B9330029341E /* OpenGL.framework */ = {isa = PBXFileReference; lastKnownFileType = wrapper.framework; name = OpenGL.framework; path = /System/Library/Frameworks/OpenGL.framework; sourceTree = "<absolute>"; };
		00B784AF0FF439BC000DE1D7 /* Accelerate.framework */ = {isa = PBXFileReference; lastKnownFileType = wrapper.framework; name = Accelerate.framework; path = System/Library/Frameworks/Accelerate.framework; sourceTree = SDKROOT; };
		00B784B00FF439BC000DE1D7 /* AudioToolbox.framework */ = {isa = PBXFileReference; lastKnownFileType = wrapper.framework; name = AudioToolbox.framework; path = System/Library/Frameworks/AudioToolbox.framework; sourceTree = SDKROOT; };
		00B784B10FF439BC000DE1D7 /* AudioUnit.framework */ = {isa = PBXFileReference; lastKnownFileType = wrapper.framework; name = AudioUnit.framework; path = System/Library/Frameworks/AudioUnit.framework; sourceTree = SDKROOT; };
		00B784B20FF439BC000DE1D7 /* CoreAudio.framework */ = {isa = PBXFileReference; lastKnownFileType = wrapper.framework; name = CoreAudio.framework; path = System/Library/Frameworks/CoreAudio.framework; sourceTree = SDKROOT; };
		04F640A22F8E4ABCACD33F5F /* PretzelGui.h */ = {isa = PBXFileReference; lastKnownFileType = sourcecode.c.h; name = PretzelGui.h; path = ../../../src/pretzel/PretzelGui.h; sourceTree = "<group>"; };
		0C7F401EA2154907AE354EA4 /* PretzelGlobal.cpp */ = {isa = PBXFileReference; explicitFileType = sourcecode.cpp.objcpp; name = PretzelGlobal.cpp; path = ../../../src/pretzel/PretzelGlobal.cpp; sourceTree = "<group>"; };
		1058C7A1FEA54F0111CA2CBB /* Cocoa.framework */ = {isa = PBXFileReference; lastKnownFileType = wrapper.framework; name = Cocoa.framework; path = /System/Library/Frameworks/Cocoa.framework; sourceTree = "<absolute>"; };
		110D157D3F9746F185C2A745 /* PretzelSaveLoad.cpp */ = {isa = PBXFileReference; lastKnownFileType = sourcecode.c.cpp; name = PretzelSaveLoad.cpp; path = ../../../src/modules/PretzelSaveLoad.cpp; sourceTree = "<group>"; };
		1F050022CEB64E5B9ABD1436 /* PretzelSlider.cpp */ = {isa = PBXFileReference; lastKnownFileType = sourcecode.c.cpp; name = PretzelSlider.cpp; path = ../../../src/modules/PretzelSlider.cpp; sourceTree = "<group>"; };
		29B97324FDCFA39411CA2CEA /* AppKit.framework */ = {isa = PBXFileReference; lastKnownFileType = wrapper.framework; name = AppKit.framework; path = /System/Library/Frameworks/AppKit.framework; sourceTree = "<absolute>"; };
		29B97325FDCFA39411CA2CEA /* Foundation.framework */ = {isa = PBXFileReference; lastKnownFileType = wrapper.framework; name = Foundation.framework; path = /System/Library/Frameworks/Foundation.framework; sourceTree = "<absolute>"; };
		3385791ECE81448AA5A635F5 /* PretzelSaveLoad.h */ = {isa = PBXFileReference; lastKnownFileType = sourcecode.c.h; name = PretzelSaveLoad.h; path = ../../../src/modules/PretzelSaveLoad.h; sourceTree = "<group>"; };
		4E2A14AA22A046938223E9D9 /* Resources.h */ = {isa = PBXFileReference; lastKnownFileType = sourcecode.c.h; name = Resources.h; path = ../include/Resources.h; sourceTree = "<group>"; };
		50E912337773400D869950DA /* PretzelRow.cpp */ = {isa = PBXFileReference; lastKnownFileType = sourcecode.c.cpp; name = PretzelRow.cpp; path = ../../../src/modules/PretzelRow.cpp; sourceTree = "<group>"; };
		5323E6B10EAFCA74003A9687 /* CoreVideo.framework */ = {isa = PBXFileReference; lastKnownFileType = wrapper.framework; name = CoreVideo.framework; path = /System/Library/Frameworks/CoreVideo.framework; sourceTree = "<absolute>"; };
		5323E6B50EAFCA7E003A9687 /* QTKit.framework */ = {isa = PBXFileReference; lastKnownFileType = wrapper.framework; name = QTKit.framework; path = /System/Library/Frameworks/QTKit.framework; sourceTree = "<absolute>"; };
		57E1607480C0484E974EE43A /* PretzelGui.cpp */ = {isa = PBXFileReference; lastKnownFileType = sourcecode.c.cpp; name = PretzelGui.cpp; path = ../../../src/pretzel/PretzelGui.cpp; sourceTree = "<group>"; };
		5ACFE403C7CB4EB38B999D66 /* BasicSampleApp.cpp */ = {isa = PBXFileReference; lastKnownFileType = sourcecode.c.cpp; name = BasicSampleApp.cpp; path = ../src/BasicSampleApp.cpp; sourceTree = "<group>"; };
		5E421F38EB8540BBBDDB44A9 /* BasePretzel.cpp */ = {isa = PBXFileReference; lastKnownFileType = sourcecode.c.cpp; name = BasePretzel.cpp; path = ../../../src/modules/BasePretzel.cpp; sourceTree = "<group>"; };
		688F2C6CDBE54BD1838688B3 /* PretzelButton.cpp */ = {isa = PBXFileReference; lastKnownFileType = sourcecode.c.cpp; name = PretzelButton.cpp; path = ../../../src/modules/PretzelButton.cpp; sourceTree = "<group>"; };
		8CF5FAD3F6584FA8BE7351BC /* PretzelTextField.h */ = {isa = PBXFileReference; lastKnownFileType = sourcecode.c.h; name = PretzelTextField.h; path = ../../../src/modules/PretzelTextField.h; sourceTree = "<group>"; };
		8D1107320486CEB800E47090 /* BasicSample.app */ = {isa = PBXFileReference; explicitFileType = wrapper.application; includeInIndex = 0; path = BasicSample.app; sourceTree = BUILT_PRODUCTS_DIR; };
		8FA5960C73944718BE655A26 /* PretzelLabel.cpp */ = {isa = PBXFileReference; lastKnownFileType = sourcecode.c.cpp; name = PretzelLabel.cpp; path = ../../../src/modules/PretzelLabel.cpp; sourceTree = "<group>"; };
		94B51D318E154F58837E9ED5 /* PretzelGlobal.h */ = {isa = PBXFileReference; lastKnownFileType = sourcecode.c.h; name = PretzelGlobal.h; path = ../../../src/pretzel/PretzelGlobal.h; sourceTree = "<group>"; };
		99A07474BEBF484DA9991E44 /* PretzelButton.h */ = {isa = PBXFileReference; lastKnownFileType = sourcecode.c.h; name = PretzelButton.h; path = ../../../src/modules/PretzelButton.h; sourceTree = "<group>"; };
		A48462426C31425FA7F1F41D /* PretzelLabel.h */ = {isa = PBXFileReference; lastKnownFileType = sourcecode.c.h; name = PretzelLabel.h; path = ../../../src/modules/PretzelLabel.h; sourceTree = "<group>"; };
		ADF41A0E350E44A7B7D0C42C /* Info.plist */ = {isa = PBXFileReference; lastKnownFileType = text.plist.xml; path = Info.plist; sourceTree = "<group>"; };
		B6F6F7ABDA7D48B492CC8AFB /* BasePretzel.h */ = {isa = PBXFileReference; lastKnownFileType = sourcecode.c.h; name = BasePretzel.h; path = ../../../src/modules/BasePretzel.h; sourceTree = "<group>"; };
		C8701C92208A4764A7BD981C /* BasicSample_Prefix.pch */ = {isa = PBXFileReference; lastKnownFileType = "\"\""; path = BasicSample_Prefix.pch; sourceTree = "<group>"; };
		CBD5701F1959D8DB00B8A12D /* ScrollPane.cpp */ = {isa = PBXFileReference; fileEncoding = 4; lastKnownFileType = sourcecode.cpp.cpp; name = ScrollPane.cpp; path = ../../../src/ui/ScrollPane.cpp; sourceTree = "<group>"; };
		CBD570201959D8DB00B8A12D /* ScrollPane.h */ = {isa = PBXFileReference; fileEncoding = 4; lastKnownFileType = sourcecode.c.h; name = ScrollPane.h; path = ../../../src/ui/ScrollPane.h; sourceTree = "<group>"; };
		D41725A19BC04A07A558B7A1 /* PretzelToggle.h */ = {isa = PBXFileReference; lastKnownFileType = sourcecode.c.h; name = PretzelToggle.h; path = ../../../src/modules/PretzelToggle.h; sourceTree = "<group>"; };
		E3332D4169DE44DDA361417C /* PretzelSlider.h */ = {isa = PBXFileReference; lastKnownFileType = sourcecode.c.h; name = PretzelSlider.h; path = ../../../src/modules/PretzelSlider.h; sourceTree = "<group>"; };
		F3FBD49CC73F492992EC615A /* CinderApp.icns */ = {isa = PBXFileReference; lastKnownFileType = image.icns; name = CinderApp.icns; path = ../resources/CinderApp.icns; sourceTree = "<group>"; };
		F59E0BD15FDE49AB92325C0E /* PretzelRow.h */ = {isa = PBXFileReference; lastKnownFileType = sourcecode.c.h; name = PretzelRow.h; path = ../../../src/modules/PretzelRow.h; sourceTree = "<group>"; };
		FE916D923EA044FB89976B28 /* PretzelToggle.cpp */ = {isa = PBXFileReference; lastKnownFileType = sourcecode.c.cpp; name = PretzelToggle.cpp; path = ../../../src/modules/PretzelToggle.cpp; sourceTree = "<group>"; };
/* End PBXFileReference section */

/* Begin PBXFrameworksBuildPhase section */
		8D11072E0486CEB800E47090 /* Frameworks */ = {
			isa = PBXFrameworksBuildPhase;
			buildActionMask = 2147483647;
			files = (
				8D11072F0486CEB800E47090 /* Cocoa.framework in Frameworks */,
				0091D8F90E81B9330029341E /* OpenGL.framework in Frameworks */,
				5323E6B20EAFCA74003A9687 /* CoreVideo.framework in Frameworks */,
				5323E6B60EAFCA7E003A9687 /* QTKit.framework in Frameworks */,
				00B784B30FF439BC000DE1D7 /* Accelerate.framework in Frameworks */,
				00B784B40FF439BC000DE1D7 /* AudioToolbox.framework in Frameworks */,
				00B784B50FF439BC000DE1D7 /* AudioUnit.framework in Frameworks */,
				00B784B60FF439BC000DE1D7 /* CoreAudio.framework in Frameworks */,
			);
			runOnlyForDeploymentPostprocessing = 0;
		};
/* End PBXFrameworksBuildPhase section */

/* Begin PBXGroup section */
		01B97315FEAEA392516A2CEA /* Blocks */ = {
			isa = PBXGroup;
			children = (
				570E27FCDCED4B8B87CD5967 /* PretzelGUI */,
			);
			name = Blocks;
			sourceTree = "<group>";
		};
		080E96DDFE201D6D7F000001 /* Source */ = {
			isa = PBXGroup;
			children = (
				5ACFE403C7CB4EB38B999D66 /* BasicSampleApp.cpp */,
			);
			name = Source;
			sourceTree = "<group>";
		};
		1058C7A0FEA54F0111CA2CBB /* Linked Frameworks */ = {
			isa = PBXGroup;
			children = (
				00B784AF0FF439BC000DE1D7 /* Accelerate.framework */,
				00B784B00FF439BC000DE1D7 /* AudioToolbox.framework */,
				00B784B10FF439BC000DE1D7 /* AudioUnit.framework */,
				00B784B20FF439BC000DE1D7 /* CoreAudio.framework */,
				5323E6B50EAFCA7E003A9687 /* QTKit.framework */,
				5323E6B10EAFCA74003A9687 /* CoreVideo.framework */,
				0091D8F80E81B9330029341E /* OpenGL.framework */,
				1058C7A1FEA54F0111CA2CBB /* Cocoa.framework */,
			);
			name = "Linked Frameworks";
			sourceTree = "<group>";
		};
		1058C7A2FEA54F0111CA2CBB /* Other Frameworks */ = {
			isa = PBXGroup;
			children = (
				29B97324FDCFA39411CA2CEA /* AppKit.framework */,
				29B97325FDCFA39411CA2CEA /* Foundation.framework */,
			);
			name = "Other Frameworks";
			sourceTree = "<group>";
		};
		19C28FACFE9D520D11CA2CBB /* Products */ = {
			isa = PBXGroup;
			children = (
				8D1107320486CEB800E47090 /* BasicSample.app */,
			);
			name = Products;
			sourceTree = "<group>";
		};
		29B97314FDCFA39411CA2CEA /* BasicSample */ = {
			isa = PBXGroup;
			children = (
				01B97315FEAEA392516A2CEA /* Blocks */,
				29B97315FDCFA39411CA2CEA /* Headers */,
				080E96DDFE201D6D7F000001 /* Source */,
				29B97317FDCFA39411CA2CEA /* Resources */,
				29B97323FDCFA39411CA2CEA /* Frameworks */,
				19C28FACFE9D520D11CA2CBB /* Products */,
			);
			name = BasicSample;
			sourceTree = "<group>";
		};
		29B97315FDCFA39411CA2CEA /* Headers */ = {
			isa = PBXGroup;
			children = (
				4E2A14AA22A046938223E9D9 /* Resources.h */,
				C8701C92208A4764A7BD981C /* BasicSample_Prefix.pch */,
			);
			name = Headers;
			sourceTree = "<group>";
		};
		29B97317FDCFA39411CA2CEA /* Resources */ = {
			isa = PBXGroup;
			children = (
				F3FBD49CC73F492992EC615A /* CinderApp.icns */,
				ADF41A0E350E44A7B7D0C42C /* Info.plist */,
			);
			name = Resources;
			sourceTree = "<group>";
		};
		29B97323FDCFA39411CA2CEA /* Frameworks */ = {
			isa = PBXGroup;
			children = (
				1058C7A0FEA54F0111CA2CBB /* Linked Frameworks */,
				1058C7A2FEA54F0111CA2CBB /* Other Frameworks */,
			);
			name = Frameworks;
			sourceTree = "<group>";
		};
		570E27FCDCED4B8B87CD5967 /* PretzelGUI */ = {
			isa = PBXGroup;
			children = (
				A0A89AF50CF24474A65B85B0 /* src */,
			);
			name = PretzelGUI;
			sourceTree = "<group>";
		};
		6B165B5FC1224F69BEAAA6E8 /* modules */ = {
			isa = PBXGroup;
			children = (
				5E421F38EB8540BBBDDB44A9 /* BasePretzel.cpp */,
				688F2C6CDBE54BD1838688B3 /* PretzelButton.cpp */,
				8FA5960C73944718BE655A26 /* PretzelLabel.cpp */,
				110D157D3F9746F185C2A745 /* PretzelSaveLoad.cpp */,
				1F050022CEB64E5B9ABD1436 /* PretzelSlider.cpp */,
				008CE4F99AB5412988369B39 /* PretzelTextField.cpp */,
				FE916D923EA044FB89976B28 /* PretzelToggle.cpp */,
				B6F6F7ABDA7D48B492CC8AFB /* BasePretzel.h */,
				99A07474BEBF484DA9991E44 /* PretzelButton.h */,
				A48462426C31425FA7F1F41D /* PretzelLabel.h */,
				3385791ECE81448AA5A635F5 /* PretzelSaveLoad.h */,
				E3332D4169DE44DDA361417C /* PretzelSlider.h */,
				8CF5FAD3F6584FA8BE7351BC /* PretzelTextField.h */,
				D41725A19BC04A07A558B7A1 /* PretzelToggle.h */,
			);
			name = modules;
			sourceTree = "<group>";
		};
		9A9526A290154EA39F5E24A6 /* pretzel */ = {
			isa = PBXGroup;
			children = (
				94B51D318E154F58837E9ED5 /* PretzelGlobal.h */,
				04F640A22F8E4ABCACD33F5F /* PretzelGui.h */,
				57E1607480C0484E974EE43A /* PretzelGui.cpp */,
				0C7F401EA2154907AE354EA4 /* PretzelGlobal.cpp */,
			);
			name = pretzel;
			sourceTree = "<group>";
		};
		A0A89AF50CF24474A65B85B0 /* src */ = {
			isa = PBXGroup;
			children = (
				CBDB56831959D51B00271D19 /* ui */,
				9A9526A290154EA39F5E24A6 /* pretzel */,
				6B165B5FC1224F69BEAAA6E8 /* modules */,
			);
			name = src;
			sourceTree = "<group>";
		};
		CBDB56831959D51B00271D19 /* ui */ = {
			isa = PBXGroup;
			children = (
				CBD5701F1959D8DB00B8A12D /* ScrollPane.cpp */,
				CBD570201959D8DB00B8A12D /* ScrollPane.h */,
				50E912337773400D869950DA /* PretzelRow.cpp */,
				F59E0BD15FDE49AB92325C0E /* PretzelRow.h */,
			);
			name = ui;
			sourceTree = "<group>";
		};
/* End PBXGroup section */

/* Begin PBXNativeTarget section */
		8D1107260486CEB800E47090 /* BasicSample */ = {
			isa = PBXNativeTarget;
			buildConfigurationList = C01FCF4A08A954540054247B /* Build configuration list for PBXNativeTarget "BasicSample" */;
			buildPhases = (
				8D1107290486CEB800E47090 /* Resources */,
				8D11072C0486CEB800E47090 /* Sources */,
				8D11072E0486CEB800E47090 /* Frameworks */,
			);
			buildRules = (
			);
			dependencies = (
			);
			name = BasicSample;
			productInstallPath = "$(HOME)/Applications";
			productName = BasicSample;
			productReference = 8D1107320486CEB800E47090 /* BasicSample.app */;
			productType = "com.apple.product-type.application";
		};
/* End PBXNativeTarget section */

/* Begin PBXProject section */
		29B97313FDCFA39411CA2CEA /* Project object */ = {
			isa = PBXProject;
			attributes = {
			};
			buildConfigurationList = C01FCF4E08A954540054247B /* Build configuration list for PBXProject "BasicSample" */;
			compatibilityVersion = "Xcode 3.2";
			developmentRegion = English;
			hasScannedForEncodings = 1;
			knownRegions = (
				English,
				Japanese,
				French,
				German,
			);
			mainGroup = 29B97314FDCFA39411CA2CEA /* BasicSample */;
			projectDirPath = "";
			projectRoot = "";
			targets = (
				8D1107260486CEB800E47090 /* BasicSample */,
			);
		};
/* End PBXProject section */

/* Begin PBXResourcesBuildPhase section */
		8D1107290486CEB800E47090 /* Resources */ = {
			isa = PBXResourcesBuildPhase;
			buildActionMask = 2147483647;
			files = (
				04A2D773F0D140DF917C4186 /* CinderApp.icns in Resources */,
			);
			runOnlyForDeploymentPostprocessing = 0;
		};
/* End PBXResourcesBuildPhase section */

/* Begin PBXSourcesBuildPhase section */
		8D11072C0486CEB800E47090 /* Sources */ = {
			isa = PBXSourcesBuildPhase;
			buildActionMask = 2147483647;
			files = (
				393E08320FDF4C52B71F3502 /* BasicSampleApp.cpp in Sources */,
				32E4E1F026074705AC2D35CF /* PretzelGui.cpp in Sources */,
				CBD570211959D8DB00B8A12D /* ScrollPane.cpp in Sources */,
				A59EE5EF1EDE4A7388442367 /* PretzelGlobal.cpp in Sources */,
				4781983271FA4380B5B1A1FA /* BasePretzel.cpp in Sources */,
				CB83A0B86CA04D36B472FE40 /* PretzelButton.cpp in Sources */,
				E7153E700465435A844562CA /* PretzelLabel.cpp in Sources */,
				BDF116A54DE74EA29D411A57 /* PretzelRow.cpp in Sources */,
				154593B394494CBB946B2940 /* PretzelSaveLoad.cpp in Sources */,
				8E41E02BB0714BB79BA75640 /* PretzelSlider.cpp in Sources */,
				5827D66B50B44F749411B33A /* PretzelTextField.cpp in Sources */,
				23C1307426AB47C9ABC43CFF /* PretzelToggle.cpp in Sources */,
			);
			runOnlyForDeploymentPostprocessing = 0;
		};
/* End PBXSourcesBuildPhase section */

/* Begin XCBuildConfiguration section */
		C01FCF4B08A954540054247B /* Debug */ = {
			isa = XCBuildConfiguration;
			buildSettings = {
				COMBINE_HIDPI_IMAGES = YES;
				COPY_PHASE_STRIP = NO;
				DEAD_CODE_STRIPPING = YES;
				GCC_DYNAMIC_NO_PIC = NO;
				GCC_INLINES_ARE_PRIVATE_EXTERN = YES;
				GCC_OPTIMIZATION_LEVEL = 0;
				GCC_PRECOMPILE_PREFIX_HEADER = YES;
				GCC_PREFIX_HEADER = BasicSample_Prefix.pch;
				GCC_PREPROCESSOR_DEFINITIONS = (
					"DEBUG=1",
					"$(inherited)",
				);
				GCC_SYMBOLS_PRIVATE_EXTERN = NO;
				INFOPLIST_FILE = Info.plist;
				INSTALL_PATH = "$(HOME)/Applications";
				OTHER_LDFLAGS = "\"$(CINDER_PATH)/lib/libcinder_d.a\"";
				PRODUCT_NAME = BasicSample;
				SYMROOT = ./build;
				WRAPPER_EXTENSION = app;
			};
			name = Debug;
		};
		C01FCF4C08A954540054247B /* Release */ = {
			isa = XCBuildConfiguration;
			buildSettings = {
				COMBINE_HIDPI_IMAGES = YES;
				DEAD_CODE_STRIPPING = YES;
				DEBUG_INFORMATION_FORMAT = "dwarf-with-dsym";
				GCC_FAST_MATH = YES;
				GCC_GENERATE_DEBUGGING_SYMBOLS = NO;
				GCC_INLINES_ARE_PRIVATE_EXTERN = YES;
				GCC_OPTIMIZATION_LEVEL = 3;
				GCC_PRECOMPILE_PREFIX_HEADER = YES;
				GCC_PREFIX_HEADER = BasicSample_Prefix.pch;
				GCC_SYMBOLS_PRIVATE_EXTERN = NO;
				INFOPLIST_FILE = Info.plist;
				INSTALL_PATH = "$(HOME)/Applications";
				OTHER_LDFLAGS = "\"$(CINDER_PATH)/lib/libcinder.a\"";
				PRODUCT_NAME = BasicSample;
				STRIP_INSTALLED_PRODUCT = YES;
				SYMROOT = ./build;
				WRAPPER_EXTENSION = app;
			};
			name = Release;
		};
		C01FCF4F08A954540054247B /* Debug */ = {
			isa = XCBuildConfiguration;
			buildSettings = {
				ALWAYS_SEARCH_USER_PATHS = NO;
				ARCHS = i386;
				CINDER_PATH = ../../../../..;
				CLANG_CXX_LANGUAGE_STANDARD = "c++0x";
				CLANG_CXX_LIBRARY = "libc++";
				GCC_WARN_ABOUT_RETURN_TYPE = YES;
				GCC_WARN_UNUSED_VARIABLE = YES;
				HEADER_SEARCH_PATHS = "\"$(CINDER_PATH)/boost\"";
				MACOSX_DEPLOYMENT_TARGET = 10.7;
				SDKROOT = macosx;
				USER_HEADER_SEARCH_PATHS = "\"$(CINDER_PATH)/include\" ../include ../../../src";
			};
			name = Debug;
		};
		C01FCF5008A954540054247B /* Release */ = {
			isa = XCBuildConfiguration;
			buildSettings = {
				ALWAYS_SEARCH_USER_PATHS = NO;
				ARCHS = i386;
				CINDER_PATH = ../../../../..;
				CLANG_CXX_LANGUAGE_STANDARD = "c++0x";
				CLANG_CXX_LIBRARY = "libc++";
				GCC_WARN_ABOUT_RETURN_TYPE = YES;
				GCC_WARN_UNUSED_VARIABLE = YES;
				HEADER_SEARCH_PATHS = "\"$(CINDER_PATH)/boost\"";
				MACOSX_DEPLOYMENT_TARGET = 10.7;
				SDKROOT = macosx;
				USER_HEADER_SEARCH_PATHS = "\"$(CINDER_PATH)/include\" ../include ../../../src";
			};
			name = Release;
		};
/* End XCBuildConfiguration section */

/* Begin XCConfigurationList section */
		C01FCF4A08A954540054247B /* Build configuration list for PBXNativeTarget "BasicSample" */ = {
			isa = XCConfigurationList;
			buildConfigurations = (
				C01FCF4B08A954540054247B /* Debug */,
				C01FCF4C08A954540054247B /* Release */,
			);
			defaultConfigurationIsVisible = 0;
			defaultConfigurationName = Release;
		};
		C01FCF4E08A954540054247B /* Build configuration list for PBXProject "BasicSample" */ = {
			isa = XCConfigurationList;
			buildConfigurations = (
				C01FCF4F08A954540054247B /* Debug */,
				C01FCF5008A954540054247B /* Release */,
			);
			defaultConfigurationIsVisible = 0;
			defaultConfigurationName = Release;
		};
/* End XCConfigurationList section */
	};
	rootObject = 29B97313FDCFA39411CA2CEA /* Project object */;
}
