<Project ToolsVersion="4.0" xmlns="http://schemas.microsoft.com/developer/msbuild/2003">
  <ItemGroup>
    <Filter Include="Source Files">
      <UniqueIdentifier>{4FC737F1-C7A5-4376-A066-2A32D752A2FF}</UniqueIdentifier>
      <Extensions>cpp;c;cc;cxx;def;odl;idl;hpj;bat;asm;asmx</Extensions>
    </Filter>
    <Filter Include="Header Files">
      <UniqueIdentifier>{93995380-89BD-4b04-88EB-625FBE52EBFB}</UniqueIdentifier>
      <Extensions>h;hpp;hxx;hm;inl;inc;xsd</Extensions>
    </Filter>
    <Filter Include="Resource Files">
      <UniqueIdentifier>{67DA6AB6-F800-4c08-8B7A-83BB121AAD01}</UniqueIdentifier>
      <Extensions>rc;ico;cur;bmp;dlg;rc2;rct;bin;rgs;gif;jpg;jpeg;jpe;resx;tiff;tif;png;wav</Extensions>
    </Filter>
    <Filter Include="Blocks">
      <UniqueIdentifier>{8E623347-6CFD-4DE7-ABE1-A55AAC3F5ACB}</UniqueIdentifier>
    </Filter>
    <Filter Include="Blocks\PretzelGUI">
      <UniqueIdentifier>{F0458DF7-1400-4642-958D-2E239471052E}</UniqueIdentifier>
    </Filter>
    <Filter Include="Blocks\PretzelGUI\src">
      <UniqueIdentifier>{C923CD6A-CE31-40F3-B9CC-94392A6ADFCC}</UniqueIdentifier>
    </Filter>
  </ItemGroup>
  <ItemGroup>
    <ClCompile Include="..\src\BasicSampleApp.cpp">
      <Filter>Source Files</Filter>
    </ClCompile>
    <ClCompile Include="..\src\BasicSampleApp.cpp">
      <Filter>Source Files</Filter>
    </ClCompile>
    <ClInclude Include="..\include\Resources.h">
      <Filter>Header Files</Filter>
    </ClInclude>
    <ClCompile Include="..\blocks\PretzelGUI\src\BasePretzel.cpp">
      <Filter>Blocks\PretzelGUI\src</Filter>
    </ClCompile>
    <ClCompile Include="..\blocks\PretzelGUI\src\PretzelButton.cpp">
      <Filter>Blocks\PretzelGUI\src</Filter>
    </ClCompile>
    <ClCompile Include="..\blocks\PretzelGUI\src\PretzelGlobal.cpp">
      <Filter>Blocks\PretzelGUI\src</Filter>
    </ClCompile>
    <ClCompile Include="..\blocks\PretzelGUI\src\PretzelGui.cpp">
      <Filter>Blocks\PretzelGUI\src</Filter>
    </ClCompile>
    <ClCompile Include="..\blocks\PretzelGUI\src\PretzelLabel.cpp">
      <Filter>Blocks\PretzelGUI\src</Filter>
    </ClCompile>
    <ClCompile Include="..\blocks\PretzelGUI\src\PretzelRow.cpp">
      <Filter>Blocks\PretzelGUI\src</Filter>
    </ClCompile>
    <ClCompile Include="..\blocks\PretzelGUI\src\PretzelSaveLoad.cpp">
      <Filter>Blocks\PretzelGUI\src</Filter>
    </ClCompile>
    <ClCompile Include="..\blocks\PretzelGUI\src\PretzelSlider.cpp">
      <Filter>Blocks\PretzelGUI\src</Filter>
    </ClCompile>
    <ClCompile Include="..\blocks\PretzelGUI\src\PretzelToggle.cpp">
      <Filter>Blocks\PretzelGUI\src</Filter>
    </ClCompile>
    <ClInclude Include="..\blocks\PretzelGUI\src\BasePretzel.h">
      <Filter>Blocks\PretzelGUI\src</Filter>
    </ClInclude>
    <ClInclude Include="..\blocks\PretzelGUI\src\PretzelButton.h">
      <Filter>Blocks\PretzelGUI\src</Filter>
    </ClInclude>
    <ClInclude Include="..\blocks\PretzelGUI\src\PretzelGlobal.h">
      <Filter>Blocks\PretzelGUI\src</Filter>
    </ClInclude>
    <ClInclude Include="..\blocks\PretzelGUI\src\PretzelGui.h">
      <Filter>Blocks\PretzelGUI\src</Filter>
    </ClInclude>
    <ClInclude Include="..\blocks\PretzelGUI\src\PretzelLabel.h">
      <Filter>Blocks\PretzelGUI\src</Filter>
    </ClInclude>
    <ClInclude Include="..\blocks\PretzelGUI\src\PretzelRow.h">
      <Filter>Blocks\PretzelGUI\src</Filter>
    </ClInclude>
    <ClInclude Include="..\blocks\PretzelGUI\src\PretzelSaveLoad.h">
      <Filter>Blocks\PretzelGUI\src</Filter>
    </ClInclude>
    <ClInclude Include="..\blocks\PretzelGUI\src\PretzelSlider.h">
      <Filter>Blocks\PretzelGUI\src</Filter>
    </ClInclude>
    <ClInclude Include="..\blocks\PretzelGUI\src\PretzelToggle.h">
      <Filter>Blocks\PretzelGUI\src</Filter>
    </ClInclude>
  </ItemGroup>
  <ItemGroup>
    <ClInclude Include="..\include\Resources.h">
      <Filter>Header Files</Filter>
    </ClInclude>
  </ItemGroup>
  <ItemGroup>
    <ResourceCompile Include="Resources.rc">
      <Filter>Resource Files</Filter>
    </ResourceCompile>
  </ItemGroup>
</Project>
