
Microsoft Visual Studio Solution File, Format Version 12.00
# Visual Studio Express 2012 for Windows Desktop
Project("{8BC9CEB8-8B4A-11D0-8D11-00A0C91BC942}") = "BasicSample", "BasicSample.vcxproj", "{65F16A08-051B-478C-A4D3-21FD9F44EC35}"
EndProject
Global
	GlobalSection(SolutionConfigurationPlatforms) = preSolution
		Debug|Win32 = Debug|Win32
		Release|Win32 = Release|Win32
	EndGlobalSection
	GlobalSection(ProjectConfigurationPlatforms) = postSolution
		{65F16A08-051B-478C-A4D3-21FD9F44EC35}.Debug|Win32.ActiveCfg = Debug|Win32
		{65F16A08-051B-478C-A4D3-21FD9F44EC35}.Debug|Win32.Build.0 = Debug|Win32
		{65F16A08-051B-478C-A4D3-21FD9F44EC35}.Release|Win32.ActiveCfg = Release|Win32
		{65F16A08-051B-478C-A4D3-21FD9F44EC35}.Release|Win32.Build.0 = Release|Win32
	EndGlobalSection
	GlobalSection(SolutionProperties) = preSolution
		HideSolutionNode = FALSE
	EndGlobalSection
EndGlobal
