<?xml version="1.0" encoding="utf-8"?>
<Project ToolsVersion="4.0" xmlns="http://schemas.microsoft.com/developer/msbuild/2003">
  <ItemGroup>
    <Filter Include="Source Files">
      <UniqueIdentifier>{4FC737F1-C7A5-4376-A066-2A32D752A2FF}</UniqueIdentifier>
      <Extensions>cpp;c;cc;cxx;def;odl;idl;hpj;bat;asm;asmx</Extensions>
    </Filter>
    <Filter Include="Header Files">
      <UniqueIdentifier>{93995380-89BD-4b04-88EB-625FBE52EBFB}</UniqueIdentifier>
      <Extensions>h;hpp;hxx;hm;inl;inc;xsd</Extensions>
    </Filter>
    <Filter Include="Resource Files">
      <UniqueIdentifier>{67DA6AB6-F800-4c08-8B7A-83BB121AAD01}</UniqueIdentifier>
      <Extensions>rc;ico;cur;bmp;dlg;rc2;rct;bin;rgs;gif;jpg;jpeg;jpe;resx;tiff;tif;png;wav</Extensions>
    </Filter>
    <Filter Include="Blocks">
      <UniqueIdentifier>{C51E0D77-79E3-4DBE-8867-434BF5A7AB63}</UniqueIdentifier>
    </Filter>
    <Filter Include="Blocks\PretzelGUI">
      <UniqueIdentifier>{A5D18FF7-8CAC-42AE-A82D-103B9954FCFA}</UniqueIdentifier>
    </Filter>
    <Filter Include="Blocks\PretzelGUI\src">
      <UniqueIdentifier>{3ECDF95B-EFC8-4CE2-9952-A9B51AC9CD51}</UniqueIdentifier>
    </Filter>
    <Filter Include="Blocks\PretzelGUI\src\pretzel">
      <UniqueIdentifier>{C29A5525-1879-4ADF-8AB4-19C0E62E4F1B}</UniqueIdentifier>
    </Filter>
    <Filter Include="Blocks\PretzelGUI\src\modules">
      <UniqueIdentifier>{C7B4CA1B-CF00-450D-ACC2-9193D5F5B0E8}</UniqueIdentifier>
    </Filter>
    <Filter Include="Blocks\PretzelGUI\src\components">
      <UniqueIdentifier>{67B2D19A-4525-409E-B1C5-6070B3ACDB76}</UniqueIdentifier>
    </Filter>
  </ItemGroup>
  <ItemGroup>
    <ClCompile Include="..\src\BasicSampleApp.cpp">
      <Filter>Source Files</Filter>
    </ClCompile>
    <ClCompile Include="..\src\BasicSampleApp.cpp">
      <Filter>Source Files</Filter>
    </ClCompile>
    <ClInclude Include="..\include\Resources.h">
      <Filter>Header Files</Filter>
    </ClInclude>
    <ClInclude Include="..\..\..\src\pretzel\PretzelGlobal.h">
      <Filter>Blocks\PretzelGUI\src\pretzel</Filter>
    </ClInclude>
    <ClInclude Include="..\..\..\src\pretzel\PretzelGui.h">
      <Filter>Blocks\PretzelGUI\src\pretzel</Filter>
    </ClInclude>
    <ClCompile Include="..\..\..\src\pretzel\PretzelGui.cpp">
      <Filter>Blocks\PretzelGUI\src\pretzel</Filter>
    </ClCompile>
    <ClCompile Include="..\..\..\src\pretzel\PretzelGlobal.cpp">
      <Filter>Blocks\PretzelGUI\src\pretzel</Filter>
    </ClCompile>
    <ClCompile Include="..\..\..\src\modules\PretzelButton.cpp">
      <Filter>Blocks\PretzelGUI\src\modules</Filter>
    </ClCompile>
    <ClCompile Include="..\..\..\src\modules\PretzelColorPicker.cpp">
      <Filter>Blocks\PretzelGUI\src\modules</Filter>
    </ClCompile>
    <ClCompile Include="..\..\..\src\modules\PretzelLabel.cpp">
      <Filter>Blocks\PretzelGUI\src\modules</Filter>
    </ClCompile>
    <ClCompile Include="..\..\..\src\modules\PretzelSaveLoad.cpp">
      <Filter>Blocks\PretzelGUI\src\modules</Filter>
    </ClCompile>
    <ClCompile Include="..\..\..\src\modules\PretzelSlider.cpp">
      <Filter>Blocks\PretzelGUI\src\modules</Filter>
    </ClCompile>
    <ClCompile Include="..\..\..\src\modules\PretzelTextField.cpp">
      <Filter>Blocks\PretzelGUI\src\modules</Filter>
    </ClCompile>
    <ClCompile Include="..\..\..\src\modules\PretzelToggle.cpp">
      <Filter>Blocks\PretzelGUI\src\modules</Filter>
    </ClCompile>
    <ClInclude Include="..\..\..\src\modules\PretzelButton.h">
      <Filter>Blocks\PretzelGUI\src\modules</Filter>
    </ClInclude>
    <ClInclude Include="..\..\..\src\modules\PretzelColorPicker.h">
      <Filter>Blocks\PretzelGUI\src\modules</Filter>
    </ClInclude>
    <ClInclude Include="..\..\..\src\modules\PretzelLabel.h">
      <Filter>Blocks\PretzelGUI\src\modules</Filter>
    </ClInclude>
    <ClInclude Include="..\..\..\src\modules\PretzelSaveLoad.h">
      <Filter>Blocks\PretzelGUI\src\modules</Filter>
    </ClInclude>
    <ClInclude Include="..\..\..\src\modules\PretzelSlider.h">
      <Filter>Blocks\PretzelGUI\src\modules</Filter>
    </ClInclude>
    <ClInclude Include="..\..\..\src\modules\PretzelTextField.h">
      <Filter>Blocks\PretzelGUI\src\modules</Filter>
    </ClInclude>
    <ClInclude Include="..\..\..\src\modules\PretzelToggle.h">
      <Filter>Blocks\PretzelGUI\src\modules</Filter>
    </ClInclude>
    <ClCompile Include="..\..\..\src\components\BasePretzel.cpp">
      <Filter>Blocks\PretzelGUI\src\components</Filter>
    </ClCompile>
    <ClCompile Include="..\..\..\src\components\PretzelRow.cpp">
      <Filter>Blocks\PretzelGUI\src\components</Filter>
    </ClCompile>
    <ClCompile Include="..\..\..\src\components\ScrollPane.cpp">
      <Filter>Blocks\PretzelGUI\src\components</Filter>
    </ClCompile>
    <ClInclude Include="..\..\..\src\components\BasePretzel.h">
      <Filter>Blocks\PretzelGUI\src\components</Filter>
    </ClInclude>
    <ClInclude Include="..\..\..\src\components\PretzelRow.h">
      <Filter>Blocks\PretzelGUI\src\components</Filter>
    </ClInclude>
    <ClInclude Include="..\..\..\src\components\ScrollPane.h">
      <Filter>Blocks\PretzelGUI\src\components</Filter>
    </ClInclude>
    <ClCompile Include="..\..\..\src\components\PretzelRoot.cpp">
      <Filter>Blocks\PretzelGUI\src\components</Filter>
    </ClCompile>
    <ClCompile Include="..\..\..\src\components\WindowSystem.cpp">
      <Filter>Blocks\PretzelGUI\src\components</Filter>
    </ClCompile>
    <ClCompile Include="..\..\..\src\modules\PretzelEnum.cpp">
      <Filter>Blocks\PretzelGUI\src\modules</Filter>
    </ClCompile>
  </ItemGroup>
  <ItemGroup>
    <ClInclude Include="..\include\Resources.h">
      <Filter>Header Files</Filter>
    </ClInclude>
    <ClInclude Include="..\..\..\src\components\PretzelRoot.h">
      <Filter>Blocks\PretzelGUI\src\components</Filter>
    </ClInclude>
    <ClInclude Include="..\..\..\src\modules\PretzelShaders.h">
      <Filter>Blocks\PretzelGUI\src\modules</Filter>
    </ClInclude>
    <ClInclude Include="..\..\..\src\components\WindowSystem.h">
      <Filter>Blocks\PretzelGUI\src\components</Filter>
    </ClInclude>
    <ClInclude Include="..\..\..\src\modules\PretzelEnum.h">
      <Filter>Blocks\PretzelGUI\src\modules</Filter>
    </ClInclude>
  </ItemGroup>
  <ItemGroup>
    <ResourceCompile Include="Resources.rc">
      <Filter>Resource Files</Filter>
    </ResourceCompile>
  </ItemGroup>
</Project>