// !$*UTF8*$!
{
	archiveVersion = 1;
	classes = {
	};
	objectVersion = 44;
	objects = {

/* Begin PBXBuildFile section */
		0091D8F90E81B9330029341E /* OpenGL.framework in Frameworks */ = {isa = PBXBuildFile; fileRef = 0091D8F80E81B9330029341E /* OpenGL.framework */; };
		00B784B30FF439BC000DE1D7 /* Accelerate.framework in Frameworks */ = {isa = PBXBuildFile; fileRef = 00B784AF0FF439BC000DE1D7 /* Accelerate.framework */; };
		00B784B40FF439BC000DE1D7 /* AudioToolbox.framework in Frameworks */ = {isa = PBXBuildFile; fileRef = 00B784B00FF439BC000DE1D7 /* AudioToolbox.framework */; };
		00B784B50FF439BC000DE1D7 /* AudioUnit.framework in Frameworks */ = {isa = PBXBuildFile; fileRef = 00B784B10FF439BC000DE1D7 /* AudioUnit.framework */; };
		00B784B60FF439BC000DE1D7 /* CoreAudio.framework in Frameworks */ = {isa = PBXBuildFile; fileRef = 00B784B20FF439BC000DE1D7 /* CoreAudio.framework */; };
		5323E6B20EAFCA74003A9687 /* CoreVideo.framework in Frameworks */ = {isa = PBXBuildFile; fileRef = 5323E6B10EAFCA74003A9687 /* CoreVideo.framework */; };
		5323E6B60EAFCA7E003A9687 /* QTKit.framework in Frameworks */ = {isa = PBXBuildFile; fileRef = 5323E6B50EAFCA7E003A9687 /* QTKit.framework */; };
		8D11072F0486CEB800E47090 /* Cocoa.framework in Frameworks */ = {isa = PBXBuildFile; fileRef = 1058C7A1FEA54F0111CA2CBB /* Cocoa.framework */; };
		9D8D0AFF60F045CDA170326E /* default_skin.png in Resources */ = {isa = PBXBuildFile; fileRef = 3EC7CD0A72F048D08663899C /* default_skin.png */; };
		3BBE9394E4504AF1A9A55ED5 /* ScrollPane.h in Headers */ = {isa = PBXBuildFile; fileRef = D5F75E74975145559BAE84BA /* ScrollPane.h */; };
		45E2914F6E944DA39ADD3810 /* ScrollPane.cpp in Sources */ = {isa = PBXBuildFile; fileRef = 5DDE96D281D140ACA22D191D /* ScrollPane.cpp */; };
		7356DC0A6FC64402ACA2E0F4 /* PretzelToggle.h in Headers */ = {isa = PBXBuildFile; fileRef = C1E2CD557D5849A785439BFF /* PretzelToggle.h */; };
		15B15B0763614F04A5F61891 /* PretzelTextField.h in Headers */ = {isa = PBXBuildFile; fileRef = E14B71F57AEB43A49EA1D3A7 /* PretzelTextField.h */; };
		247E16510534484D835852C5 /* PretzelSlider.h in Headers */ = {isa = PBXBuildFile; fileRef = CFA971BF7C454F68A790712C /* PretzelSlider.h */; };
		9F53F4A0D5CB4318A492CA88 /* PretzelSaveLoad.h in Headers */ = {isa = PBXBuildFile; fileRef = D1F553E7E5624AE2A3FCA87D /* PretzelSaveLoad.h */; };
		0601053CDD2D41A5B80573D6 /* PretzelRow.h in Headers */ = {isa = PBXBuildFile; fileRef = 67B834B9D44643C7ADD1AEA3 /* PretzelRow.h */; };
		A4B512B1156A43F1B4A4E9BA /* PretzelLabel.h in Headers */ = {isa = PBXBuildFile; fileRef = 9AFB8CC3F1A0491584417237 /* PretzelLabel.h */; };
		C6CF9AC8A1AB46E2B1BD0A8E /* PretzelColorPicker.h in Headers */ = {isa = PBXBuildFile; fileRef = 97AB73FA4D424392B4492726 /* PretzelColorPicker.h */; };
		75B11F3DBEE044189D43DC64 /* PretzelButton.h in Headers */ = {isa = PBXBuildFile; fileRef = 906290534FA74941A80DDF02 /* PretzelButton.h */; };
		DFE8EB3A1D6044769530FD18 /* BasePretzel.h in Headers */ = {isa = PBXBuildFile; fileRef = DCC3902973414C19A8221097 /* BasePretzel.h */; };
		E4F7B3B002A342D683B120C0 /* PretzelToggle.cpp in Sources */ = {isa = PBXBuildFile; fileRef = 94839A6940AE454FAF658025 /* PretzelToggle.cpp */; };
		FA5045C2C2E54F69AB5113C7 /* PretzelTextField.cpp in Sources */ = {isa = PBXBuildFile; fileRef = 63D49973FEE342098EC61BD8 /* PretzelTextField.cpp */; };
		15E57F621F424158BB266B1D /* PretzelSlider.cpp in Sources */ = {isa = PBXBuildFile; fileRef = 47E38D7F26B04A0DAD983FF2 /* PretzelSlider.cpp */; };
		6A3B83E89EB346F086FAFAE4 /* PretzelSaveLoad.cpp in Sources */ = {isa = PBXBuildFile; fileRef = 69E6DBD7A3F0491F8411E4EA /* PretzelSaveLoad.cpp */; };
		01DEA6612C4D4435BCF1B4A1 /* PretzelRow.cpp in Sources */ = {isa = PBXBuildFile; fileRef = B08B89E8DF774F41A02D8F01 /* PretzelRow.cpp */; };
		EB617E0DFD50467E97FDB578 /* PretzelLabel.cpp in Sources */ = {isa = PBXBuildFile; fileRef = 1517B0F230B6445E8225075A /* PretzelLabel.cpp */; };
		2898B8910272424FA5245CA2 /* PretzelColorPicker.cpp in Sources */ = {isa = PBXBuildFile; fileRef = 1087A7E1AABD4D848D869258 /* PretzelColorPicker.cpp */; };
		990F21A46A1543A48B618EB4 /* PretzelButton.cpp in Sources */ = {isa = PBXBuildFile; fileRef = 73B5C0CAEC654C1D9BA8A5D6 /* PretzelButton.cpp */; };
		B23954DA09C64E7E8287416F /* BasePretzel.cpp in Sources */ = {isa = PBXBuildFile; fileRef = 5A1316996E104402991DAF5D /* BasePretzel.cpp */; };
		59867E0C21834608A2614D27 /* PretzelGlobal.cpp in Sources */ = {isa = PBXBuildFile; fileRef = 32D4432489E944B2A88634FF /* PretzelGlobal.cpp */; };
		0272A29A7DB04E80B0CF0E1C /* PretzelGui.cpp in Sources */ = {isa = PBXBuildFile; fileRef = D589B76F966C494DA2198734 /* PretzelGui.cpp */; };
		6B2CCACCB942406D82E4D7AE /* PretzelGui.h in Headers */ = {isa = PBXBuildFile; fileRef = 37347235A7304C4399CD0C2B /* PretzelGui.h */; };
		79EE57C2D2FF4EFBA5AF54C7 /* PretzelGlobal.h in Headers */ = {isa = PBXBuildFile; fileRef = 1B27D051517A48ECBA13DB21 /* PretzelGlobal.h */; };
		F9BF1EA5DB66436688D9B285 /* CinderProject_Prefix.pch in Headers */ = {isa = PBXBuildFile; fileRef = C9A5E8ABBE13420E8E91DDD7 /* CinderProject_Prefix.pch */; };
		98B4432239A646008B1DFC4E /* CinderApp.icns in Resources */ = {isa = PBXBuildFile; fileRef = 573A4CB027AD43F8982CC2A4 /* CinderApp.icns */; };
		7210C31E3B1545C8A0380AFC /* Resources.h in Headers */ = {isa = PBXBuildFile; fileRef = 86901B3A6DEE450BADA8208D /* Resources.h */; };
		D99928EAB3B7461883A8741E /* CinderProjectApp.cpp in Sources */ = {isa = PBXBuildFile; fileRef = 30072E72FF8B47A8B3BF97A8 /* CinderProjectApp.cpp */; };
/* End PBXBuildFile section */

/* Begin PBXFileReference section */
		0091D8F80E81B9330029341E /* OpenGL.framework */ = {isa = PBXFileReference; lastKnownFileType = wrapper.framework; name = OpenGL.framework; path = /System/Library/Frameworks/OpenGL.framework; sourceTree = "<absolute>"; };
		00B784AF0FF439BC000DE1D7 /* Accelerate.framework */ = {isa = PBXFileReference; lastKnownFileType = wrapper.framework; name = Accelerate.framework; path = System/Library/Frameworks/Accelerate.framework; sourceTree = SDKROOT; };
		00B784B00FF439BC000DE1D7 /* AudioToolbox.framework */ = {isa = PBXFileReference; lastKnownFileType = wrapper.framework; name = AudioToolbox.framework; path = System/Library/Frameworks/AudioToolbox.framework; sourceTree = SDKROOT; };
		00B784B10FF439BC000DE1D7 /* AudioUnit.framework */ = {isa = PBXFileReference; lastKnownFileType = wrapper.framework; name = AudioUnit.framework; path = System/Library/Frameworks/AudioUnit.framework; sourceTree = SDKROOT; };
		00B784B20FF439BC000DE1D7 /* CoreAudio.framework */ = {isa = PBXFileReference; lastKnownFileType = wrapper.framework; name = CoreAudio.framework; path = System/Library/Frameworks/CoreAudio.framework; sourceTree = SDKROOT; };
		1058C7A1FEA54F0111CA2CBB /* Cocoa.framework */ = {isa = PBXFileReference; lastKnownFileType = wrapper.framework; name = Cocoa.framework; path = /System/Library/Frameworks/Cocoa.framework; sourceTree = "<absolute>"; };
		29B97324FDCFA39411CA2CEA /* AppKit.framework */ = {isa = PBXFileReference; lastKnownFileType = wrapper.framework; name = AppKit.framework; path = /System/Library/Frameworks/AppKit.framework; sourceTree = "<absolute>"; };
		29B97325FDCFA39411CA2CEA /* Foundation.framework */ = {isa = PBXFileReference; lastKnownFileType = wrapper.framework; name = Foundation.framework; path = /System/Library/Frameworks/Foundation.framework; sourceTree = "<absolute>"; };
		5323E6B10EAFCA74003A9687 /* CoreVideo.framework */ = {isa = PBXFileReference; lastKnownFileType = wrapper.framework; name = CoreVideo.framework; path = /System/Library/Frameworks/CoreVideo.framework; sourceTree = "<absolute>"; };
		5323E6B50EAFCA7E003A9687 /* QTKit.framework */ = {isa = PBXFileReference; lastKnownFileType = wrapper.framework; name = QTKit.framework; path = /System/Library/Frameworks/QTKit.framework; sourceTree = "<absolute>"; };
		8D1107320486CEB800E47090 /* CinderProject.app */ = {isa = PBXFileReference; explicitFileType = wrapper.application; includeInIndex = 0; path = CinderProject.app; sourceTree = BUILT_PRODUCTS_DIR; };
		30072E72FF8B47A8B3BF97A8 /* CinderProjectApp.cpp */ = {isa = PBXFileReference; lastKnownFileType = sourcecode.c.cpp; path = ../src/CinderProjectApp.cpp; sourceTree = "<group>"; name = CinderProjectApp.cpp; };
		86901B3A6DEE450BADA8208D /* Resources.h */ = {isa = PBXFileReference; lastKnownFileType = sourcecode.c.h; path = ../include/Resources.h; sourceTree = "<group>"; name = Resources.h; };
		573A4CB027AD43F8982CC2A4 /* CinderApp.icns */ = {isa = PBXFileReference; lastKnownFileType = image.icns; path = ../resources/CinderApp.icns; sourceTree = "<group>"; name = CinderApp.icns; };
		80CADFED97364277B483C7CA /* Info.plist */ = {isa = PBXFileReference; lastKnownFileType = text.plist.xml; path = Info.plist; sourceTree = "<group>"; name = Info.plist; };
		C9A5E8ABBE13420E8E91DDD7 /* CinderProject_Prefix.pch */ = {isa = PBXFileReference; lastKnownFileType = "\"\""; path = CinderProject_Prefix.pch; sourceTree = "<group>"; name = CinderProject_Prefix.pch; };
		1B27D051517A48ECBA13DB21 /* PretzelGlobal.h */ = {isa = PBXFileReference; lastKnownFileType = sourcecode.c.h; path = ../../../src/pretzel/PretzelGlobal.h; sourceTree = "<group>"; name = PretzelGlobal.h; };
		37347235A7304C4399CD0C2B /* PretzelGui.h */ = {isa = PBXFileReference; lastKnownFileType = sourcecode.c.h; path = ../../../src/pretzel/PretzelGui.h; sourceTree = "<group>"; name = PretzelGui.h; };
		D589B76F966C494DA2198734 /* PretzelGui.cpp */ = {isa = PBXFileReference; lastKnownFileType = sourcecode.c.cpp; path = ../../../src/pretzel/PretzelGui.cpp; sourceTree = "<group>"; name = PretzelGui.cpp; };
		32D4432489E944B2A88634FF /* PretzelGlobal.cpp */ = {isa = PBXFileReference; path = ../../../src/pretzel/PretzelGlobal.cpp; sourceTree = "<group>"; explicitFileType = sourcecode.cpp.objcpp; name = PretzelGlobal.cpp; };
		5A1316996E104402991DAF5D /* BasePretzel.cpp */ = {isa = PBXFileReference; lastKnownFileType = sourcecode.c.cpp; path = ../../../src/modules/BasePretzel.cpp; sourceTree = "<group>"; name = BasePretzel.cpp; };
		73B5C0CAEC654C1D9BA8A5D6 /* PretzelButton.cpp */ = {isa = PBXFileReference; lastKnownFileType = sourcecode.c.cpp; path = ../../../src/modules/PretzelButton.cpp; sourceTree = "<group>"; name = PretzelButton.cpp; };
		1087A7E1AABD4D848D869258 /* PretzelColorPicker.cpp */ = {isa = PBXFileReference; lastKnownFileType = sourcecode.c.cpp; path = ../../../src/modules/PretzelColorPicker.cpp; sourceTree = "<group>"; name = PretzelColorPicker.cpp; };
		1517B0F230B6445E8225075A /* PretzelLabel.cpp */ = {isa = PBXFileReference; lastKnownFileType = sourcecode.c.cpp; path = ../../../src/modules/PretzelLabel.cpp; sourceTree = "<group>"; name = PretzelLabel.cpp; };
		B08B89E8DF774F41A02D8F01 /* PretzelRow.cpp */ = {isa = PBXFileReference; lastKnownFileType = sourcecode.c.cpp; path = ../../../src/modules/PretzelRow.cpp; sourceTree = "<group>"; name = PretzelRow.cpp; };
		69E6DBD7A3F0491F8411E4EA /* PretzelSaveLoad.cpp */ = {isa = PBXFileReference; lastKnownFileType = sourcecode.c.cpp; path = ../../../src/modules/PretzelSaveLoad.cpp; sourceTree = "<group>"; name = PretzelSaveLoad.cpp; };
		47E38D7F26B04A0DAD983FF2 /* PretzelSlider.cpp */ = {isa = PBXFileReference; lastKnownFileType = sourcecode.c.cpp; path = ../../../src/modules/PretzelSlider.cpp; sourceTree = "<group>"; name = PretzelSlider.cpp; };
		63D49973FEE342098EC61BD8 /* PretzelTextField.cpp */ = {isa = PBXFileReference; lastKnownFileType = sourcecode.c.cpp; path = ../../../src/modules/PretzelTextField.cpp; sourceTree = "<group>"; name = PretzelTextField.cpp; };
		94839A6940AE454FAF658025 /* PretzelToggle.cpp */ = {isa = PBXFileReference; lastKnownFileType = sourcecode.c.cpp; path = ../../../src/modules/PretzelToggle.cpp; sourceTree = "<group>"; name = PretzelToggle.cpp; };
		DCC3902973414C19A8221097 /* BasePretzel.h */ = {isa = PBXFileReference; lastKnownFileType = sourcecode.c.h; path = ../../../src/modules/BasePretzel.h; sourceTree = "<group>"; name = BasePretzel.h; };
		906290534FA74941A80DDF02 /* PretzelButton.h */ = {isa = PBXFileReference; lastKnownFileType = sourcecode.c.h; path = ../../../src/modules/PretzelButton.h; sourceTree = "<group>"; name = PretzelButton.h; };
		97AB73FA4D424392B4492726 /* PretzelColorPicker.h */ = {isa = PBXFileReference; lastKnownFileType = sourcecode.c.h; path = ../../../src/modules/PretzelColorPicker.h; sourceTree = "<group>"; name = PretzelColorPicker.h; };
		9AFB8CC3F1A0491584417237 /* PretzelLabel.h */ = {isa = PBXFileReference; lastKnownFileType = sourcecode.c.h; path = ../../../src/modules/PretzelLabel.h; sourceTree = "<group>"; name = PretzelLabel.h; };
		67B834B9D44643C7ADD1AEA3 /* PretzelRow.h */ = {isa = PBXFileReference; lastKnownFileType = sourcecode.c.h; path = ../../../src/modules/PretzelRow.h; sourceTree = "<group>"; name = PretzelRow.h; };
		D1F553E7E5624AE2A3FCA87D /* PretzelSaveLoad.h */ = {isa = PBXFileReference; lastKnownFileType = sourcecode.c.h; path = ../../../src/modules/PretzelSaveLoad.h; sourceTree = "<group>"; name = PretzelSaveLoad.h; };
		CFA971BF7C454F68A790712C /* PretzelSlider.h */ = {isa = PBXFileReference; lastKnownFileType = sourcecode.c.h; path = ../../../src/modules/PretzelSlider.h; sourceTree = "<group>"; name = PretzelSlider.h; };
		E14B71F57AEB43A49EA1D3A7 /* PretzelTextField.h */ = {isa = PBXFileReference; lastKnownFileType = sourcecode.c.h; path = ../../../src/modules/PretzelTextField.h; sourceTree = "<group>"; name = PretzelTextField.h; };
		C1E2CD557D5849A785439BFF /* PretzelToggle.h */ = {isa = PBXFileReference; lastKnownFileType = sourcecode.c.h; path = ../../../src/modules/PretzelToggle.h; sourceTree = "<group>"; name = PretzelToggle.h; };
		5DDE96D281D140ACA22D191D /* ScrollPane.cpp */ = {isa = PBXFileReference; lastKnownFileType = sourcecode.c.cpp; path = ../../../src/ui/ScrollPane.cpp; sourceTree = "<group>"; name = ScrollPane.cpp; };
		D5F75E74975145559BAE84BA /* ScrollPane.h */ = {isa = PBXFileReference; lastKnownFileType = sourcecode.c.h; path = ../../../src/ui/ScrollPane.h; sourceTree = "<group>"; name = ScrollPane.h; };
		3EC7CD0A72F048D08663899C /* default_skin.png */ = {isa = PBXFileReference; lastKnownFileType = "\"\""; path = ../../../resources/default_skin.png; sourceTree = "<group>"; name = default_skin.png; };
/* End PBXFileReference section */

/* Begin PBXFrameworksBuildPhase section */
		8D11072E0486CEB800E47090 /* Frameworks */ = {
			isa = PBXFrameworksBuildPhase;
			buildActionMask = 2147483647;
			files = (
				8D11072F0486CEB800E47090 /* Cocoa.framework in Frameworks */,
				0091D8F90E81B9330029341E /* OpenGL.framework in Frameworks */,
				5323E6B20EAFCA74003A9687 /* CoreVideo.framework in Frameworks */,
				5323E6B60EAFCA7E003A9687 /* QTKit.framework in Frameworks */,
				00B784B30FF439BC000DE1D7 /* Accelerate.framework in Frameworks */,
				00B784B40FF439BC000DE1D7 /* AudioToolbox.framework in Frameworks */,
				00B784B50FF439BC000DE1D7 /* AudioUnit.framework in Frameworks */,
				00B784B60FF439BC000DE1D7 /* CoreAudio.framework in Frameworks */,
			);
			runOnlyForDeploymentPostprocessing = 0;
		};
/* End PBXFrameworksBuildPhase section */

/* Begin PBXGroup section */
		080E96DDFE201D6D7F000001 /* Source */ = {
			isa = PBXGroup;
			children = (
				30072E72FF8B47A8B3BF97A8 /* CinderProjectApp.cpp */,
			);
			name = Source;
			sourceTree = "<group>";
		};
		1058C7A0FEA54F0111CA2CBB /* Linked Frameworks */ = {
			isa = PBXGroup;
			children = (
				00B784AF0FF439BC000DE1D7 /* Accelerate.framework */,
				00B784B00FF439BC000DE1D7 /* AudioToolbox.framework */,
				00B784B10FF439BC000DE1D7 /* AudioUnit.framework */,
				00B784B20FF439BC000DE1D7 /* CoreAudio.framework */,
				5323E6B50EAFCA7E003A9687 /* QTKit.framework */,
				5323E6B10EAFCA74003A9687 /* CoreVideo.framework */,
				0091D8F80E81B9330029341E /* OpenGL.framework */,
				1058C7A1FEA54F0111CA2CBB /* Cocoa.framework */,
			);
			name = "Linked Frameworks";
			sourceTree = "<group>";
		};
		1058C7A2FEA54F0111CA2CBB /* Other Frameworks */ = {
			isa = PBXGroup;
			children = (
				29B97324FDCFA39411CA2CEA /* AppKit.framework */,
				29B97325FDCFA39411CA2CEA /* Foundation.framework */,
			);
			name = "Other Frameworks";
			sourceTree = "<group>";
		};
		19C28FACFE9D520D11CA2CBB /* Products */ = {
			isa = PBXGroup;
			children = (
				8D1107320486CEB800E47090 /* CinderProject.app */,
			);
			name = Products;
			sourceTree = "<group>";
		};
		29B97314FDCFA39411CA2CEA /* CinderProject */ = {
			isa = PBXGroup;
			children = (
				01B97315FEAEA392516A2CEA /* Blocks */,
				29B97315FDCFA39411CA2CEA /* Headers */,
				080E96DDFE201D6D7F000001 /* Source */,
				29B97317FDCFA39411CA2CEA /* Resources */,
				29B97323FDCFA39411CA2CEA /* Frameworks */,
				19C28FACFE9D520D11CA2CBB /* Products */,
			);
			name = CinderProject;
			sourceTree = "<group>";
		};
		F84D895AF7DF4DC2A604E998 /* pretzel */ = {
			isa = PBXGroup;
			children = (
				1B27D051517A48ECBA13DB21 /* PretzelGlobal.h */,
				37347235A7304C4399CD0C2B /* PretzelGui.h */,
				D589B76F966C494DA2198734 /* PretzelGui.cpp */,
				32D4432489E944B2A88634FF /* PretzelGlobal.cpp */,
			);
			name = pretzel;
			sourceTree = "<group>";
		};
		8EE5361BE63248AA9D8CA467 /* modules */ = {
			isa = PBXGroup;
			children = (
				5A1316996E104402991DAF5D /* BasePretzel.cpp */,
				73B5C0CAEC654C1D9BA8A5D6 /* PretzelButton.cpp */,
				1087A7E1AABD4D848D869258 /* PretzelColorPicker.cpp */,
				1517B0F230B6445E8225075A /* PretzelLabel.cpp */,
				B08B89E8DF774F41A02D8F01 /* PretzelRow.cpp */,
				69E6DBD7A3F0491F8411E4EA /* PretzelSaveLoad.cpp */,
				47E38D7F26B04A0DAD983FF2 /* PretzelSlider.cpp */,
				63D49973FEE342098EC61BD8 /* PretzelTextField.cpp */,
				94839A6940AE454FAF658025 /* PretzelToggle.cpp */,
				DCC3902973414C19A8221097 /* BasePretzel.h */,
				906290534FA74941A80DDF02 /* PretzelButton.h */,
				97AB73FA4D424392B4492726 /* PretzelColorPicker.h */,
				9AFB8CC3F1A0491584417237 /* PretzelLabel.h */,
				67B834B9D44643C7ADD1AEA3 /* PretzelRow.h */,
				D1F553E7E5624AE2A3FCA87D /* PretzelSaveLoad.h */,
				CFA971BF7C454F68A790712C /* PretzelSlider.h */,
				E14B71F57AEB43A49EA1D3A7 /* PretzelTextField.h */,
				C1E2CD557D5849A785439BFF /* PretzelToggle.h */,
			);
			name = modules;
			sourceTree = "<group>";
		};
		40675C5D92D6463CA08F2E93 /* ui */ = {
			isa = PBXGroup;
			children = (
				5DDE96D281D140ACA22D191D /* ScrollPane.cpp */,
				D5F75E74975145559BAE84BA /* ScrollPane.h */,
			);
			name = ui;
			sourceTree = "<group>";
		};
		416E2924BAA947BC9C634DB2 /* src */ = {
			isa = PBXGroup;
			children = (
				F84D895AF7DF4DC2A604E998 /* pretzel */,
				8EE5361BE63248AA9D8CA467 /* modules */,
				40675C5D92D6463CA08F2E93 /* ui */,
			);
			name = src;
			sourceTree = "<group>";
		};
		20DF36AA821743DCBBADD8B0 /* resources */ = {
			isa = PBXGroup;
			children = (
				3EC7CD0A72F048D08663899C /* default_skin.png */,
			);
			name = resources;
			sourceTree = "<group>";
		};
		FC3E2034B5E84D0D955C0B2A /* PretzelGUI */ = {
			isa = PBXGroup;
			children = (
				416E2924BAA947BC9C634DB2 /* src */,
				20DF36AA821743DCBBADD8B0 /* resources */,
			);
			name = PretzelGUI;
			sourceTree = "<group>";
		};
		01B97315FEAEA392516A2CEA /* Blocks */ = {
			isa = PBXGroup;
			children = (
				FC3E2034B5E84D0D955C0B2A /* PretzelGUI */,
			);
			name = Blocks;
			sourceTree = "<group>";
		};
		29B97315FDCFA39411CA2CEA /* Headers */ = {
			isa = PBXGroup;
			children = (
				86901B3A6DEE450BADA8208D /* Resources.h */,
				C9A5E8ABBE13420E8E91DDD7 /* CinderProject_Prefix.pch */,
			);
			name = Headers;
			sourceTree = "<group>";
		};
		29B97317FDCFA39411CA2CEA /* Resources */ = {
			isa = PBXGroup;
			children = (
				573A4CB027AD43F8982CC2A4 /* CinderApp.icns */,
				80CADFED97364277B483C7CA /* Info.plist */,
			);
			name = Resources;
			sourceTree = "<group>";
		};
		29B97323FDCFA39411CA2CEA /* Frameworks */ = {
			isa = PBXGroup;
			children = (
				1058C7A0FEA54F0111CA2CBB /* Linked Frameworks */,
				1058C7A2FEA54F0111CA2CBB /* Other Frameworks */,
			);
			name = Frameworks;
			sourceTree = "<group>";
		};
/* End PBXGroup section */

/* Begin PBXNativeTarget section */
		8D1107260486CEB800E47090 /* CinderProject */ = {
			isa = PBXNativeTarget;
			buildConfigurationList = C01FCF4A08A954540054247B /* Build configuration list for PBXNativeTarget "CinderProject" */;
			buildPhases = (
				8D1107290486CEB800E47090 /* Resources */,
				8D11072C0486CEB800E47090 /* Sources */,
				8D11072E0486CEB800E47090 /* Frameworks */,
			);
			buildRules = (
			);
			dependencies = (
			);
			name = CinderProject;
			productInstallPath = "$(HOME)/Applications";
			productName = CinderProject;
			productReference = 8D1107320486CEB800E47090 /* CinderProject.app */;
			productType = "com.apple.product-type.application";
		};
/* End PBXNativeTarget section */

/* Begin PBXProject section */
		29B97313FDCFA39411CA2CEA /* Project object */ = {
			isa = PBXProject;
			buildConfigurationList = C01FCF4E08A954540054247B /* Build configuration list for PBXProject "CinderProject" */;
			compatibilityVersion = "Xcode 3.2";
			developmentRegion = English;
			hasScannedForEncodings = 1;
			knownRegions = (
				English,
				Japanese,
				French,
				German,
			);
			mainGroup = 29B97314FDCFA39411CA2CEA /* CinderProject */;
			projectDirPath = "";
			projectRoot = "";
			targets = (
				8D1107260486CEB800E47090 /* CinderProject */,
			);
		};
/* End PBXProject section */

/* Begin PBXResourcesBuildPhase section */
		8D1107290486CEB800E47090 /* Resources */ = {
			isa = PBXResourcesBuildPhase;
			buildActionMask = 2147483647;
			files = (
				98B4432239A646008B1DFC4E /* CinderApp.icns in Resources */,
				9D8D0AFF60F045CDA170326E /* default_skin.png in Resources */,
			);
			runOnlyForDeploymentPostprocessing = 0;
		};
/* End PBXResourcesBuildPhase section */

/* Begin PBXSourcesBuildPhase section */
		8D11072C0486CEB800E47090 /* Sources */ = {
			isa = PBXSourcesBuildPhase;
			buildActionMask = 2147483647;
			files = (
				D99928EAB3B7461883A8741E /* CinderProjectApp.cpp in Sources */,
				0272A29A7DB04E80B0CF0E1C /* PretzelGui.cpp in Sources */,
				59867E0C21834608A2614D27 /* PretzelGlobal.cpp in Sources */,
				B23954DA09C64E7E8287416F /* BasePretzel.cpp in Sources */,
				990F21A46A1543A48B618EB4 /* PretzelButton.cpp in Sources */,
				2898B8910272424FA5245CA2 /* PretzelColorPicker.cpp in Sources */,
				EB617E0DFD50467E97FDB578 /* PretzelLabel.cpp in Sources */,
				01DEA6612C4D4435BCF1B4A1 /* PretzelRow.cpp in Sources */,
				6A3B83E89EB346F086FAFAE4 /* PretzelSaveLoad.cpp in Sources */,
				15E57F621F424158BB266B1D /* PretzelSlider.cpp in Sources */,
				FA5045C2C2E54F69AB5113C7 /* PretzelTextField.cpp in Sources */,
				E4F7B3B002A342D683B120C0 /* PretzelToggle.cpp in Sources */,
				45E2914F6E944DA39ADD3810 /* ScrollPane.cpp in Sources */,
			);
			runOnlyForDeploymentPostprocessing = 0;
		};
/* End PBXSourcesBuildPhase section */

/* Begin XCBuildConfiguration section */
		C01FCF4B08A954540054247B /* Debug */ = {
			isa = XCBuildConfiguration;
			buildSettings = {
				COMBINE_HIDPI_IMAGES = YES;
				DEAD_CODE_STRIPPING = YES;
				COPY_PHASE_STRIP = NO;
				GCC_DYNAMIC_NO_PIC = NO;
				GCC_INLINES_ARE_PRIVATE_EXTERN = YES;
				GCC_OPTIMIZATION_LEVEL = 0;
				GCC_PREPROCESSOR_DEFINITIONS = (
					"DEBUG=1",
					"$(inherited)",
				);
				GCC_PRECOMPILE_PREFIX_HEADER = YES;
				GCC_PREFIX_HEADER = CinderProject_Prefix.pch;
				GCC_SYMBOLS_PRIVATE_EXTERN = NO;
				INFOPLIST_FILE = Info.plist;
				INSTALL_PATH = "$(HOME)/Applications";
				OTHER_LDFLAGS = "\"$(CINDER_PATH)/lib/libcinder_d.a\"";
				PRODUCT_NAME = CinderProject;
				WRAPPER_EXTENSION = app;
				SYMROOT = ./build;
			};
			name = Debug;
		};
		C01FCF4C08A954540054247B /* Release */ = {
			isa = XCBuildConfiguration;
			buildSettings = {
				COMBINE_HIDPI_IMAGES = YES;
				DEAD_CODE_STRIPPING = YES;
				DEBUG_INFORMATION_FORMAT = "dwarf-with-dsym";
				GCC_FAST_MATH = YES;
				GCC_GENERATE_DEBUGGING_SYMBOLS = NO;
				GCC_INLINES_ARE_PRIVATE_EXTERN = YES;
				GCC_OPTIMIZATION_LEVEL = 3;
				GCC_PRECOMPILE_PREFIX_HEADER = YES;
				GCC_PREFIX_HEADER = CinderProject_Prefix.pch;
				GCC_SYMBOLS_PRIVATE_EXTERN = NO;
				INFOPLIST_FILE = Info.plist;
				INSTALL_PATH = "$(HOME)/Applications";
				OTHER_LDFLAGS = "\"$(CINDER_PATH)/lib/libcinder.a\"";
				PRODUCT_NAME = CinderProject;
				STRIP_INSTALLED_PRODUCT = YES;
				WRAPPER_EXTENSION = app;
				SYMROOT = ./build;
			};
			name = Release;
		};
		C01FCF4F08A954540054247B /* Debug */ = {
			isa = XCBuildConfiguration;
			buildSettings = {
				CLANG_CXX_LANGUAGE_STANDARD = "c++0x";
				CLANG_CXX_LIBRARY = "libc++";
				ALWAYS_SEARCH_USER_PATHS = NO;
				ARCHS = i386;
				CINDER_PATH = "../../../../..";
				GCC_WARN_ABOUT_RETURN_TYPE = YES;
				GCC_WARN_UNUSED_VARIABLE = YES;
				HEADER_SEARCH_PATHS = "\"$(CINDER_PATH)/boost\"";
				MACOSX_DEPLOYMENT_TARGET = 10.7;
				SDKROOT = macosx;
				USER_HEADER_SEARCH_PATHS = (
					"\"$(CINDER_PATH)/include\" ../include",
					../../../src,
				);
			};
			name = Debug;
		};
		C01FCF5008A954540054247B /* Release */ = {
			isa = XCBuildConfiguration;
			buildSettings = {
				CLANG_CXX_LANGUAGE_STANDARD = "c++0x";
				CLANG_CXX_LIBRARY = "libc++";
				ALWAYS_SEARCH_USER_PATHS = NO;
				ARCHS = i386;
				CINDER_PATH = "../../../../..";
				GCC_WARN_ABOUT_RETURN_TYPE = YES;
				GCC_WARN_UNUSED_VARIABLE = YES;
				HEADER_SEARCH_PATHS = "\"$(CINDER_PATH)/boost\"";
				MACOSX_DEPLOYMENT_TARGET = 10.7;
				SDKROOT = macosx;
				USER_HEADER_SEARCH_PATHS = (
					"\"$(CINDER_PATH)/include\" ../include",
					../../../src,
				);
			};
			name = Release;
		};
/* End XCBuildConfiguration section */

/* Begin XCConfigurationList section */
		C01FCF4A08A954540054247B /* Build configuration list for PBXNativeTarget "CinderProject" */ = {
			isa = XCConfigurationList;
			buildConfigurations = (
				C01FCF4B08A954540054247B /* Debug */,
				C01FCF4C08A954540054247B /* Release */,
			);
			defaultConfigurationIsVisible = 0;
			defaultConfigurationName = Release;
		};
		C01FCF4E08A954540054247B /* Build configuration list for PBXProject "CinderProject" */ = {
			isa = XCConfigurationList;
			buildConfigurations = (
				C01FCF4F08A954540054247B /* Debug */,
				C01FCF5008A954540054247B /* Release */,
			);
			defaultConfigurationIsVisible = 0;
			defaultConfigurationName = Release;
		};
/* End XCConfigurationList section */
	};
	rootObject = 29B97313FDCFA39411CA2CEA /* Project object */;
}
